// !$*UTF8*$!
{
	archiveVersion = 1;
	classes = {
	};
	objectVersion = 46;
	objects = {

/* Begin PBXBuildFile section */
		0086D8E80A9E4617976526FB /* TheAbyssApp.cpp in Sources */ = {isa = PBXBuildFile; fileRef = A2FB986A37D3411891557C20 /* TheAbyssApp.cpp */; };
		0091D8F90E81B9330029341E /* OpenGL.framework in Frameworks */ = {isa = PBXBuildFile; fileRef = 0091D8F80E81B9330029341E /* OpenGL.framework */; };
		00B784B30FF439BC000DE1D7 /* Accelerate.framework in Frameworks */ = {isa = PBXBuildFile; fileRef = 00B784AF0FF439BC000DE1D7 /* Accelerate.framework */; };
		00B784B40FF439BC000DE1D7 /* AudioToolbox.framework in Frameworks */ = {isa = PBXBuildFile; fileRef = 00B784B00FF439BC000DE1D7 /* AudioToolbox.framework */; };
		00B784B50FF439BC000DE1D7 /* AudioUnit.framework in Frameworks */ = {isa = PBXBuildFile; fileRef = 00B784B10FF439BC000DE1D7 /* AudioUnit.framework */; };
		00B784B60FF439BC000DE1D7 /* CoreAudio.framework in Frameworks */ = {isa = PBXBuildFile; fileRef = 00B784B20FF439BC000DE1D7 /* CoreAudio.framework */; };
		0381F20B6104438A9C0BC516 /* b2WeldJoint.cpp in Sources */ = {isa = PBXBuildFile; fileRef = 4773DD1F81134A0BA490E56D /* b2WeldJoint.cpp */; };
		05A81D1E0C9C4F778F4D4DAE /* OscTypes.cpp in Sources */ = {isa = PBXBuildFile; fileRef = AF0ACCCA70504B2BBD44FB9A /* OscTypes.cpp */; };
		071F49DDAC7D46A0813CA7DA /* b2PrismaticJoint.cpp in Sources */ = {isa = PBXBuildFile; fileRef = 21DB2326DFCF4EF2BA96B5D9 /* b2PrismaticJoint.cpp */; };
		09CDC9C51F8248349EBA8A77 /* b2Collision.cpp in Sources */ = {isa = PBXBuildFile; fileRef = F97957B6FD1748B196331719 /* b2Collision.cpp */; };
		0C13FF9D631841B6B5B4EF7C /* b2PulleyJoint.cpp in Sources */ = {isa = PBXBuildFile; fileRef = 401C86FF5928433C97E33D68 /* b2PulleyJoint.cpp */; };
		0E7CF1D6219944F48520A19D /* b2Rope.cpp in Sources */ = {isa = PBXBuildFile; fileRef = 522EFFC0E2F343A480616627 /* b2Rope.cpp */; };
		196FF14DF5B34FC68E8FFB2E /* b2CollideEdge.cpp in Sources */ = {isa = PBXBuildFile; fileRef = DFEE391DD0FE4801A872A844 /* b2CollideEdge.cpp */; };
		1E0B911D43F349A285A1FC03 /* b2CircleContact.cpp in Sources */ = {isa = PBXBuildFile; fileRef = 611302CEFFAE43F69BD8A3C4 /* b2CircleContact.cpp */; };
		1F29F71ED3CB40EF8F20BDAE /* b2RevoluteJoint.cpp in Sources */ = {isa = PBXBuildFile; fileRef = 948D21D7222B4AD7A3F9EDD9 /* b2RevoluteJoint.cpp */; };
		1FC6F3CB00FA4F669C83C8EF /* OscReceivedElements.cpp in Sources */ = {isa = PBXBuildFile; fileRef = 78AAF678ED104661890B9604 /* OscReceivedElements.cpp */; };
		22F815B2FD8D4F72841C1489 /* b2PolygonContact.cpp in Sources */ = {isa = PBXBuildFile; fileRef = EA6091E04A3D4F0591EC8304 /* b2PolygonContact.cpp */; };
		26E3A3BCBB84480FAE532BEB /* b2CollidePolygon.cpp in Sources */ = {isa = PBXBuildFile; fileRef = 76A907E19A84414EB29C60DB /* b2CollidePolygon.cpp */; };
		2D87EFC17CF3496B9BCB88E5 /* Cairo.cpp in Sources */ = {isa = PBXBuildFile; fileRef = BDEBCAA40FF8431784BB09A4 /* Cairo.cpp */; };
		303E937744E145B69709EA61 /* b2Body.cpp in Sources */ = {isa = PBXBuildFile; fileRef = 1D110E0EEF864540A37645AE /* b2Body.cpp */; };
		332BC0ECB18E41F59B4CA38B /* IpEndpointName.cpp in Sources */ = {isa = PBXBuildFile; fileRef = CAAE4A926A1049FB8C679F4A /* IpEndpointName.cpp */; };
		37462737499F4F349B5E6CC5 /* b2TimeOfImpact.cpp in Sources */ = {isa = PBXBuildFile; fileRef = 35216A2FEAC24C7CAF94E629 /* b2TimeOfImpact.cpp */; };
		3995AF0455E547A9AA5C39B2 /* b2Draw.cpp in Sources */ = {isa = PBXBuildFile; fileRef = 8CC8228CA9ED4B6A97AF560A /* b2Draw.cpp */; };
		3D05A06756924804B314863C /* b2ChainShape.cpp in Sources */ = {isa = PBXBuildFile; fileRef = F37B0DBACA8346BFBB046517 /* b2ChainShape.cpp */; };
		41CF6D06C3BF4414B321B3A1 /* b2BroadPhase.cpp in Sources */ = {isa = PBXBuildFile; fileRef = 32393A1529AE40F6B71E8719 /* b2BroadPhase.cpp */; };
		476FC01A06924EC5B524FACC /* b2WheelJoint.cpp in Sources */ = {isa = PBXBuildFile; fileRef = D16FB87B1C124697BDCE2593 /* b2WheelJoint.cpp */; };
		4FF5871EAF2C48ECB8AD8E20 /* b2MouseJoint.cpp in Sources */ = {isa = PBXBuildFile; fileRef = 075F797E17174547BAB5B35F /* b2MouseJoint.cpp */; };
		504748D9B0D342BBA2983659 /* UdpSocket.cpp in Sources */ = {isa = PBXBuildFile; fileRef = 478D67E49ACA431FA9503FCA /* UdpSocket.cpp */; };
		5323E6B20EAFCA74003A9687 /* CoreVideo.framework in Frameworks */ = {isa = PBXBuildFile; fileRef = 5323E6B10EAFCA74003A9687 /* CoreVideo.framework */; };
		5323E6B60EAFCA7E003A9687 /* QTKit.framework in Frameworks */ = {isa = PBXBuildFile; fileRef = 5323E6B50EAFCA7E003A9687 /* QTKit.framework */; };
		55F210AA73A14B69813B5311 /* b2ChainAndCircleContact.cpp in Sources */ = {isa = PBXBuildFile; fileRef = 8604A899D24545FD9DAD3F20 /* b2ChainAndCircleContact.cpp */; };
		570A337B235F41A49A719632 /* NetworkingUtils.cpp in Sources */ = {isa = PBXBuildFile; fileRef = 37287D3A82DC47AEB6730EA6 /* NetworkingUtils.cpp */; };
		58552D5D9D73459C9638F19D /* b2EdgeAndPolygonContact.cpp in Sources */ = {isa = PBXBuildFile; fileRef = F02B1CE4A941441CBF052D0F /* b2EdgeAndPolygonContact.cpp */; };
		5CE4A61556174A1B9E0F0AF0 /* OscBundle.cpp in Sources */ = {isa = PBXBuildFile; fileRef = F0A84819F5DC4687AAAF42C3 /* OscBundle.cpp */; };
		6298FC813D804BEFA948943C /* b2EdgeShape.cpp in Sources */ = {isa = PBXBuildFile; fileRef = B08314F53C7A42C487B73D72 /* b2EdgeShape.cpp */; };
		63FAB80CC73E4E96A7AC9738 /* OscOutboundPacketStream.cpp in Sources */ = {isa = PBXBuildFile; fileRef = FEC9E6741DD742599A0A2974 /* OscOutboundPacketStream.cpp */; };
		64656DD7EEF746D3A8294DA5 /* OscSender.cpp in Sources */ = {isa = PBXBuildFile; fileRef = 518ACDCF1BEB487A9656887D /* OscSender.cpp */; };
		6717CCE9D4DD4EC691C60A6D /* b2Contact.cpp in Sources */ = {isa = PBXBuildFile; fileRef = E1898B52B31C4210851EDE4E /* b2Contact.cpp */; };
		706A9983F38143008DA2263F /* b2PolygonShape.cpp in Sources */ = {isa = PBXBuildFile; fileRef = C79F54BA95A94618B218DDB8 /* b2PolygonShape.cpp */; };
		79FA1A65649B400DB7DC1306 /* b2FrictionJoint.cpp in Sources */ = {isa = PBXBuildFile; fileRef = FC28D35B749B48A384F8D004 /* b2FrictionJoint.cpp */; };
		7BA3EF9E0A7B4E99BFF47E90 /* b2DistanceJoint.cpp in Sources */ = {isa = PBXBuildFile; fileRef = F711643A81614C9BA15FDF06 /* b2DistanceJoint.cpp */; };
		7D06CDFF47EF42A2BD88FA3B /* b2BlockAllocator.cpp in Sources */ = {isa = PBXBuildFile; fileRef = C33195DAE8274D08AB22B9E7 /* b2BlockAllocator.cpp */; };
		85D714197C454168A0A1C456 /* b2ChainAndPolygonContact.cpp in Sources */ = {isa = PBXBuildFile; fileRef = 39D5AA96548A43E5931EAC5F /* b2ChainAndPolygonContact.cpp */; };
		8BA374781B87499884F2ACDB /* b2CircleShape.cpp in Sources */ = {isa = PBXBuildFile; fileRef = D3076532DDD04416B06D319C /* b2CircleShape.cpp */; };
		8D11072F0486CEB800E47090 /* Cocoa.framework in Frameworks */ = {isa = PBXBuildFile; fileRef = 1058C7A1FEA54F0111CA2CBB /* Cocoa.framework */; };
		914FE9BBE65742AEB75F92F0 /* b2Fixture.cpp in Sources */ = {isa = PBXBuildFile; fileRef = 64D6C26076A743EF88587BD7 /* b2Fixture.cpp */; };
		91E645DB3D964B96AF3742A9 /* b2Settings.cpp in Sources */ = {isa = PBXBuildFile; fileRef = 706FEB3B42124A70A47F7198 /* b2Settings.cpp */; };
		9753329CCBC045379D2701CB /* b2Math.cpp in Sources */ = {isa = PBXBuildFile; fileRef = 3FB7CA96E6B94C1D9FB080FE /* b2Math.cpp */; };
		97FAE4E51E30483A9481A531 /* CinderApp.icns in Resources */ = {isa = PBXBuildFile; fileRef = A9095158C22F4934B2BA82DC /* CinderApp.icns */; };
		A54913E60F7B484E94FEAE3E /* b2Distance.cpp in Sources */ = {isa = PBXBuildFile; fileRef = 64FB506CC5B54DA4B131C0BC /* b2Distance.cpp */; };
		A71A561C17C04EC69A2111F0 /* b2DynamicTree.cpp in Sources */ = {isa = PBXBuildFile; fileRef = BBA5649A4535494FAB8EB284 /* b2DynamicTree.cpp */; };
		A7360FDE9FE04BAFB35E52C0 /* b2Joint.cpp in Sources */ = {isa = PBXBuildFile; fileRef = BD7E3C3157524C6F89DE0D83 /* b2Joint.cpp */; };
		A767DE99DE0844D1BFFC8838 /* b2ContactManager.cpp in Sources */ = {isa = PBXBuildFile; fileRef = 26A0BE6D5F8D40AB8A569184 /* b2ContactManager.cpp */; };
		A76BE65E517541D9A80DDAE1 /* b2EdgeAndCircleContact.cpp in Sources */ = {isa = PBXBuildFile; fileRef = F4C110B13A814FC68E3D1CFF /* b2EdgeAndCircleContact.cpp */; };
		A9FA66FC02DE413786F59C33 /* OscPrintReceivedElements.cpp in Sources */ = {isa = PBXBuildFile; fileRef = C5497DAB327B4DF59815A6D0 /* OscPrintReceivedElements.cpp */; };
		ACE84886F8FE401289DDA860 /* b2World.cpp in Sources */ = {isa = PBXBuildFile; fileRef = BE8CB570381D4016BEFBE6B4 /* b2World.cpp */; };
		AD242CF151CA47258F0A71A2 /* b2ContactSolver.cpp in Sources */ = {isa = PBXBuildFile; fileRef = EC7D5836EDBD431B9AA4F99A /* b2ContactSolver.cpp */; };
		AF6DDEABAA0A45128D8A7852 /* QuickTime.framework in Frameworks */ = {isa = PBXBuildFile; fileRef = A07A6956886949158B5AF6CC /* QuickTime.framework */; };
		B3FC511BB647496093188379 /* b2CollideCircle.cpp in Sources */ = {isa = PBXBuildFile; fileRef = ABB0BBBB96DE4786A0D5F92E /* b2CollideCircle.cpp */; };
		CC926A597D584AC2B7D60C6A /* b2WorldCallbacks.cpp in Sources */ = {isa = PBXBuildFile; fileRef = 320F3CF9D4C94139A4F02126 /* b2WorldCallbacks.cpp */; };
		D0548D341D5F4CE4920DB5D9 /* b2RopeJoint.cpp in Sources */ = {isa = PBXBuildFile; fileRef = 7438B309CC614EF9AC4AFA40 /* b2RopeJoint.cpp */; };
		DBBDBF38794D45848C5323FD /* b2Timer.cpp in Sources */ = {isa = PBXBuildFile; fileRef = C16A743A788D4B7487DB5A82 /* b2Timer.cpp */; };
		DE118A7CF3AC45A2AA525F0A /* b2StackAllocator.cpp in Sources */ = {isa = PBXBuildFile; fileRef = 78B40E5C25C540F1B11DDEC0 /* b2StackAllocator.cpp */; };
		F1278C331B622EE700EADA30 /* Cam.cpp in Sources */ = {isa = PBXBuildFile; fileRef = F1278C311B622EE700EADA30 /* Cam.cpp */; };
		F13BC17E1B6227DC007F364C /* AGCubus.cpp in Sources */ = {isa = PBXBuildFile; fileRef = F13BC17A1B6227DC007F364C /* AGCubus.cpp */; };
		F13BC17F1B6227DC007F364C /* CreatureManager.cpp in Sources */ = {isa = PBXBuildFile; fileRef = F13BC17B1B6227DC007F364C /* CreatureManager.cpp */; };
		F13BC1801B6227DC007F364C /* SuperCreature.cpp in Sources */ = {isa = PBXBuildFile; fileRef = F13BC17C1B6227DC007F364C /* SuperCreature.cpp */; };
		F13BC1811B6227DC007F364C /* TACreatureExample.cpp in Sources */ = {isa = PBXBuildFile; fileRef = F13BC17D1B6227DC007F364C /* TACreatureExample.cpp */; };
		F153C9C11B62372000395265 /* Help.cpp in Sources */ = {isa = PBXBuildFile; fileRef = F153C9BF1B62372000395265 /* Help.cpp */; };
		F1A04B221BB9E2E30030B32A /* AbyssGUI.cpp in Sources */ = {isa = PBXBuildFile; fileRef = F1A04B211BB9E2E30030B32A /* AbyssGUI.cpp */; };
		F1A04B251BB9E39F0030B32A /* HTMPreGelly.cpp in Sources */ = {isa = PBXBuildFile; fileRef = F1A04B241BB9E39F0030B32A /* HTMPreGelly.cpp */; };
		F26771AE5D5D45A394AAF51C /* OscListener.cpp in Sources */ = {isa = PBXBuildFile; fileRef = 1CB35B373C6749CE891E1748 /* OscListener.cpp */; };
		F841E80B67DD440083C0FD04 /* b2GearJoint.cpp in Sources */ = {isa = PBXBuildFile; fileRef = 6BB7F313CD084CD0867CEBD8 /* b2GearJoint.cpp */; };
		FAA53E9E152343F7B13BABE9 /* b2PolygonAndCircleContact.cpp in Sources */ = {isa = PBXBuildFile; fileRef = B7D63BEBAC484DA48832765F /* b2PolygonAndCircleContact.cpp */; };
		FDB4D3C313DC443FA24ADF60 /* OscMessage.cpp in Sources */ = {isa = PBXBuildFile; fileRef = 8338587D73E64A72991F0736 /* OscMessage.cpp */; };
		FFD4A45A65A0479BBCA6D3BD /* b2Island.cpp in Sources */ = {isa = PBXBuildFile; fileRef = A768E5A310BF49E78A4F18C7 /* b2Island.cpp */; };
/* End PBXBuildFile section */

/* Begin PBXFileReference section */
		0091D8F80E81B9330029341E /* OpenGL.framework */ = {isa = PBXFileReference; lastKnownFileType = wrapper.framework; name = OpenGL.framework; path = /System/Library/Frameworks/OpenGL.framework; sourceTree = "<absolute>"; };
		00B784AF0FF439BC000DE1D7 /* Accelerate.framework */ = {isa = PBXFileReference; lastKnownFileType = wrapper.framework; name = Accelerate.framework; path = System/Library/Frameworks/Accelerate.framework; sourceTree = SDKROOT; };
		00B784B00FF439BC000DE1D7 /* AudioToolbox.framework */ = {isa = PBXFileReference; lastKnownFileType = wrapper.framework; name = AudioToolbox.framework; path = System/Library/Frameworks/AudioToolbox.framework; sourceTree = SDKROOT; };
		00B784B10FF439BC000DE1D7 /* AudioUnit.framework */ = {isa = PBXFileReference; lastKnownFileType = wrapper.framework; name = AudioUnit.framework; path = System/Library/Frameworks/AudioUnit.framework; sourceTree = SDKROOT; };
		00B784B20FF439BC000DE1D7 /* CoreAudio.framework */ = {isa = PBXFileReference; lastKnownFileType = wrapper.framework; name = CoreAudio.framework; path = System/Library/Frameworks/CoreAudio.framework; sourceTree = SDKROOT; };
		022F1C9622D84DBA9F805423 /* b2ContactManager.h */ = {isa = PBXFileReference; lastKnownFileType = sourcecode.c.h; name = b2ContactManager.h; path = ../../../../../../../Applications/cinder_0.8.6_mac/blocks/Box2D/src/Box2D/Dynamics/b2ContactManager.h; sourceTree = "<group>"; };
		075F797E17174547BAB5B35F /* b2MouseJoint.cpp */ = {isa = PBXFileReference; lastKnownFileType = sourcecode.c.cpp; name = b2MouseJoint.cpp; path = ../../../../../../../Applications/cinder_0.8.6_mac/blocks/Box2D/src/Box2D/Dynamics/Joints/b2MouseJoint.cpp; sourceTree = "<group>"; };
		092086B643D14F43BB7F1A5A /* b2Fixture.h */ = {isa = PBXFileReference; lastKnownFileType = sourcecode.c.h; name = b2Fixture.h; path = ../../../../../../../Applications/cinder_0.8.6_mac/blocks/Box2D/src/Box2D/Dynamics/b2Fixture.h; sourceTree = "<group>"; };
		0FBB19BC89004204B5E3CC52 /* b2EdgeAndPolygonContact.h */ = {isa = PBXFileReference; lastKnownFileType = sourcecode.c.h; name = b2EdgeAndPolygonContact.h; path = ../../../../../../../Applications/cinder_0.8.6_mac/blocks/Box2D/src/Box2D/Dynamics/Contacts/b2EdgeAndPolygonContact.h; sourceTree = "<group>"; };
		1058C7A1FEA54F0111CA2CBB /* Cocoa.framework */ = {isa = PBXFileReference; lastKnownFileType = wrapper.framework; name = Cocoa.framework; path = /System/Library/Frameworks/Cocoa.framework; sourceTree = "<absolute>"; };
		11966EB704484CFCA5DB35F7 /* OscOutboundPacketStream.h */ = {isa = PBXFileReference; lastKnownFileType = sourcecode.c.h; name = OscOutboundPacketStream.h; path = ../../../../../../../Applications/cinder_0.8.6_mac/blocks/OSC/src/osc/OscOutboundPacketStream.h; sourceTree = "<group>"; };
		1215DFF1CAE14B85AA374136 /* b2PolygonAndCircleContact.h */ = {isa = PBXFileReference; lastKnownFileType = sourcecode.c.h; name = b2PolygonAndCircleContact.h; path = ../../../../../../../Applications/cinder_0.8.6_mac/blocks/Box2D/src/Box2D/Dynamics/Contacts/b2PolygonAndCircleContact.h; sourceTree = "<group>"; };
		1CB35B373C6749CE891E1748 /* OscListener.cpp */ = {isa = PBXFileReference; lastKnownFileType = sourcecode.c.cpp; name = OscListener.cpp; path = ../../../../../../../Applications/cinder_0.8.6_mac/blocks/OSC/src/OscListener.cpp; sourceTree = "<group>"; };
		1D110E0EEF864540A37645AE /* b2Body.cpp */ = {isa = PBXFileReference; lastKnownFileType = sourcecode.c.cpp; name = b2Body.cpp; path = ../../../../../../../Applications/cinder_0.8.6_mac/blocks/Box2D/src/Box2D/Dynamics/b2Body.cpp; sourceTree = "<group>"; };
		1E31B40B8816445AA1C39889 /* b2RevoluteJoint.h */ = {isa = PBXFileReference; lastKnownFileType = sourcecode.c.h; name = b2RevoluteJoint.h; path = ../../../../../../../Applications/cinder_0.8.6_mac/blocks/Box2D/src/Box2D/Dynamics/Joints/b2RevoluteJoint.h; sourceTree = "<group>"; };
		1F1D8ABF35A34E28B98CD13F /* b2EdgeAndCircleContact.h */ = {isa = PBXFileReference; lastKnownFileType = sourcecode.c.h; name = b2EdgeAndCircleContact.h; path = ../../../../../../../Applications/cinder_0.8.6_mac/blocks/Box2D/src/Box2D/Dynamics/Contacts/b2EdgeAndCircleContact.h; sourceTree = "<group>"; };
		2075D62444EF44FFA0A8E088 /* b2BroadPhase.h */ = {isa = PBXFileReference; lastKnownFileType = sourcecode.c.h; name = b2BroadPhase.h; path = ../../../../../../../Applications/cinder_0.8.6_mac/blocks/Box2D/src/Box2D/Collision/b2BroadPhase.h; sourceTree = "<group>"; };
		21DB2326DFCF4EF2BA96B5D9 /* b2PrismaticJoint.cpp */ = {isa = PBXFileReference; lastKnownFileType = sourcecode.c.cpp; name = b2PrismaticJoint.cpp; path = ../../../../../../../Applications/cinder_0.8.6_mac/blocks/Box2D/src/Box2D/Dynamics/Joints/b2PrismaticJoint.cpp; sourceTree = "<group>"; };
		26A0BE6D5F8D40AB8A569184 /* b2ContactManager.cpp */ = {isa = PBXFileReference; lastKnownFileType = sourcecode.c.cpp; name = b2ContactManager.cpp; path = ../../../../../../../Applications/cinder_0.8.6_mac/blocks/Box2D/src/Box2D/Dynamics/b2ContactManager.cpp; sourceTree = "<group>"; };
		29823F83064F40CEBD73045D /* PacketListener.h */ = {isa = PBXFileReference; lastKnownFileType = sourcecode.c.h; name = PacketListener.h; path = ../../../../../../../Applications/cinder_0.8.6_mac/blocks/OSC/src/ip/PacketListener.h; sourceTree = "<group>"; };
		29B97324FDCFA39411CA2CEA /* AppKit.framework */ = {isa = PBXFileReference; lastKnownFileType = wrapper.framework; name = AppKit.framework; path = /System/Library/Frameworks/AppKit.framework; sourceTree = "<absolute>"; };
		29B97325FDCFA39411CA2CEA /* Foundation.framework */ = {isa = PBXFileReference; lastKnownFileType = wrapper.framework; name = Foundation.framework; path = /System/Library/Frameworks/Foundation.framework; sourceTree = "<absolute>"; };
		2BBA17FD777C4DCD9218D17E /* b2EdgeShape.h */ = {isa = PBXFileReference; lastKnownFileType = sourcecode.c.h; name = b2EdgeShape.h; path = ../../../../../../../Applications/cinder_0.8.6_mac/blocks/Box2D/src/Box2D/Collision/Shapes/b2EdgeShape.h; sourceTree = "<group>"; };
		2EB9A7CBC37C480CA52A0815 /* Info.plist */ = {isa = PBXFileReference; lastKnownFileType = text.plist.xml; path = Info.plist; sourceTree = "<group>"; };
		320F3CF9D4C94139A4F02126 /* b2WorldCallbacks.cpp */ = {isa = PBXFileReference; lastKnownFileType = sourcecode.c.cpp; name = b2WorldCallbacks.cpp; path = ../../../../../../../Applications/cinder_0.8.6_mac/blocks/Box2D/src/Box2D/Dynamics/b2WorldCallbacks.cpp; sourceTree = "<group>"; };
		32393A1529AE40F6B71E8719 /* b2BroadPhase.cpp */ = {isa = PBXFileReference; lastKnownFileType = sourcecode.c.cpp; name = b2BroadPhase.cpp; path = ../../../../../../../Applications/cinder_0.8.6_mac/blocks/Box2D/src/Box2D/Collision/b2BroadPhase.cpp; sourceTree = "<group>"; };
		35216A2FEAC24C7CAF94E629 /* b2TimeOfImpact.cpp */ = {isa = PBXFileReference; lastKnownFileType = sourcecode.c.cpp; name = b2TimeOfImpact.cpp; path = ../../../../../../../Applications/cinder_0.8.6_mac/blocks/Box2D/src/Box2D/Collision/b2TimeOfImpact.cpp; sourceTree = "<group>"; };
		37287D3A82DC47AEB6730EA6 /* NetworkingUtils.cpp */ = {isa = PBXFileReference; lastKnownFileType = sourcecode.c.cpp; name = NetworkingUtils.cpp; path = ../../../../../../../Applications/cinder_0.8.6_mac/blocks/OSC/src/ip/posix/NetworkingUtils.cpp; sourceTree = "<group>"; };
		38751BF2042D42AEB1CF91BB /* b2PrismaticJoint.h */ = {isa = PBXFileReference; lastKnownFileType = sourcecode.c.h; name = b2PrismaticJoint.h; path = ../../../../../../../Applications/cinder_0.8.6_mac/blocks/Box2D/src/Box2D/Dynamics/Joints/b2PrismaticJoint.h; sourceTree = "<group>"; };
		39D5AA96548A43E5931EAC5F /* b2ChainAndPolygonContact.cpp */ = {isa = PBXFileReference; lastKnownFileType = sourcecode.c.cpp; name = b2ChainAndPolygonContact.cpp; path = ../../../../../../../Applications/cinder_0.8.6_mac/blocks/Box2D/src/Box2D/Dynamics/Contacts/b2ChainAndPolygonContact.cpp; sourceTree = "<group>"; };
		3B97FC804C90487396C0345E /* OscSender.h */ = {isa = PBXFileReference; lastKnownFileType = sourcecode.c.h; name = OscSender.h; path = ../../../../../../../Applications/cinder_0.8.6_mac/blocks/OSC/src/OscSender.h; sourceTree = "<group>"; };
		3FB7CA96E6B94C1D9FB080FE /* b2Math.cpp */ = {isa = PBXFileReference; lastKnownFileType = sourcecode.c.cpp; name = b2Math.cpp; path = ../../../../../../../Applications/cinder_0.8.6_mac/blocks/Box2D/src/Box2D/Common/b2Math.cpp; sourceTree = "<group>"; };
		401C86FF5928433C97E33D68 /* b2PulleyJoint.cpp */ = {isa = PBXFileReference; lastKnownFileType = sourcecode.c.cpp; name = b2PulleyJoint.cpp; path = ../../../../../../../Applications/cinder_0.8.6_mac/blocks/Box2D/src/Box2D/Dynamics/Joints/b2PulleyJoint.cpp; sourceTree = "<group>"; };
		413EA401D279458FBACE6F53 /* b2Contact.h */ = {isa = PBXFileReference; lastKnownFileType = sourcecode.c.h; name = b2Contact.h; path = ../../../../../../../Applications/cinder_0.8.6_mac/blocks/Box2D/src/Box2D/Dynamics/Contacts/b2Contact.h; sourceTree = "<group>"; };
		4773DD1F81134A0BA490E56D /* b2WeldJoint.cpp */ = {isa = PBXFileReference; lastKnownFileType = sourcecode.c.cpp; name = b2WeldJoint.cpp; path = ../../../../../../../Applications/cinder_0.8.6_mac/blocks/Box2D/src/Box2D/Dynamics/Joints/b2WeldJoint.cpp; sourceTree = "<group>"; };
		478D67E49ACA431FA9503FCA /* UdpSocket.cpp */ = {isa = PBXFileReference; lastKnownFileType = sourcecode.c.cpp; name = UdpSocket.cpp; path = ../../../../../../../Applications/cinder_0.8.6_mac/blocks/OSC/src/ip/posix/UdpSocket.cpp; sourceTree = "<group>"; };
		4BD5C06B158B4588BC61300A /* Box2d.h */ = {isa = PBXFileReference; lastKnownFileType = sourcecode.c.h; name = Box2d.h; path = ../../../../../../../Applications/cinder_0.8.6_mac/blocks/Box2D/src/Box2D/Box2d.h; sourceTree = "<group>"; };
		518ACDCF1BEB487A9656887D /* OscSender.cpp */ = {isa = PBXFileReference; lastKnownFileType = sourcecode.c.cpp; name = OscSender.cpp; path = ../../../../../../../Applications/cinder_0.8.6_mac/blocks/OSC/src/OscSender.cpp; sourceTree = "<group>"; };
		522EFFC0E2F343A480616627 /* b2Rope.cpp */ = {isa = PBXFileReference; lastKnownFileType = sourcecode.c.cpp; name = b2Rope.cpp; path = ../../../../../../../Applications/cinder_0.8.6_mac/blocks/Box2D/src/Box2D/Rope/b2Rope.cpp; sourceTree = "<group>"; };
		5323E6B10EAFCA74003A9687 /* CoreVideo.framework */ = {isa = PBXFileReference; lastKnownFileType = wrapper.framework; name = CoreVideo.framework; path = /System/Library/Frameworks/CoreVideo.framework; sourceTree = "<absolute>"; };
		5323E6B50EAFCA7E003A9687 /* QTKit.framework */ = {isa = PBXFileReference; lastKnownFileType = wrapper.framework; name = QTKit.framework; path = /System/Library/Frameworks/QTKit.framework; sourceTree = "<absolute>"; };
		533D40A0E6D74DF49A495072 /* b2MouseJoint.h */ = {isa = PBXFileReference; lastKnownFileType = sourcecode.c.h; name = b2MouseJoint.h; path = ../../../../../../../Applications/cinder_0.8.6_mac/blocks/Box2D/src/Box2D/Dynamics/Joints/b2MouseJoint.h; sourceTree = "<group>"; };
		552C4297A9234CE68C7CFAE6 /* Resources.h */ = {isa = PBXFileReference; lastKnownFileType = sourcecode.c.h; name = Resources.h; path = ../include/Resources.h; sourceTree = "<group>"; };
		55C20C333C8F4B79A934E603 /* IpEndpointName.h */ = {isa = PBXFileReference; lastKnownFileType = sourcecode.c.h; name = IpEndpointName.h; path = ../../../../../../../Applications/cinder_0.8.6_mac/blocks/OSC/src/ip/IpEndpointName.h; sourceTree = "<group>"; };
		59041265620B49FA830A5CD0 /* b2RopeJoint.h */ = {isa = PBXFileReference; lastKnownFileType = sourcecode.c.h; name = b2RopeJoint.h; path = ../../../../../../../Applications/cinder_0.8.6_mac/blocks/Box2D/src/Box2D/Dynamics/Joints/b2RopeJoint.h; sourceTree = "<group>"; };
		5DD7EA685A75410598BD2FA9 /* b2Draw.h */ = {isa = PBXFileReference; lastKnownFileType = sourcecode.c.h; name = b2Draw.h; path = ../../../../../../../Applications/cinder_0.8.6_mac/blocks/Box2D/src/Box2D/Common/b2Draw.h; sourceTree = "<group>"; };
		611302CEFFAE43F69BD8A3C4 /* b2CircleContact.cpp */ = {isa = PBXFileReference; lastKnownFileType = sourcecode.c.cpp; name = b2CircleContact.cpp; path = ../../../../../../../Applications/cinder_0.8.6_mac/blocks/Box2D/src/Box2D/Dynamics/Contacts/b2CircleContact.cpp; sourceTree = "<group>"; };
		64D6C26076A743EF88587BD7 /* b2Fixture.cpp */ = {isa = PBXFileReference; lastKnownFileType = sourcecode.c.cpp; name = b2Fixture.cpp; path = ../../../../../../../Applications/cinder_0.8.6_mac/blocks/Box2D/src/Box2D/Dynamics/b2Fixture.cpp; sourceTree = "<group>"; };
		64FB506CC5B54DA4B131C0BC /* b2Distance.cpp */ = {isa = PBXFileReference; lastKnownFileType = sourcecode.c.cpp; name = b2Distance.cpp; path = ../../../../../../../Applications/cinder_0.8.6_mac/blocks/Box2D/src/Box2D/Collision/b2Distance.cpp; sourceTree = "<group>"; };
		6BB7F313CD084CD0867CEBD8 /* b2GearJoint.cpp */ = {isa = PBXFileReference; lastKnownFileType = sourcecode.c.cpp; name = b2GearJoint.cpp; path = ../../../../../../../Applications/cinder_0.8.6_mac/blocks/Box2D/src/Box2D/Dynamics/Joints/b2GearJoint.cpp; sourceTree = "<group>"; };
		6DA0DE4E48994A3AA9D35187 /* OscPrintReceivedElements.h */ = {isa = PBXFileReference; lastKnownFileType = sourcecode.c.h; name = OscPrintReceivedElements.h; path = ../../../../../../../Applications/cinder_0.8.6_mac/blocks/OSC/src/osc/OscPrintReceivedElements.h; sourceTree = "<group>"; };
		706FEB3B42124A70A47F7198 /* b2Settings.cpp */ = {isa = PBXFileReference; lastKnownFileType = sourcecode.c.cpp; name = b2Settings.cpp; path = ../../../../../../../Applications/cinder_0.8.6_mac/blocks/Box2D/src/Box2D/Common/b2Settings.cpp; sourceTree = "<group>"; };
		7438B309CC614EF9AC4AFA40 /* b2RopeJoint.cpp */ = {isa = PBXFileReference; lastKnownFileType = sourcecode.c.cpp; name = b2RopeJoint.cpp; path = ../../../../../../../Applications/cinder_0.8.6_mac/blocks/Box2D/src/Box2D/Dynamics/Joints/b2RopeJoint.cpp; sourceTree = "<group>"; };
		75E9A44B05A24F99B81B6D4A /* OscListener.h */ = {isa = PBXFileReference; lastKnownFileType = sourcecode.c.h; name = OscListener.h; path = ../../../../../../../Applications/cinder_0.8.6_mac/blocks/OSC/src/OscListener.h; sourceTree = "<group>"; };
		7605905D76E34A92BE91199C /* b2Settings.h */ = {isa = PBXFileReference; lastKnownFileType = sourcecode.c.h; name = b2Settings.h; path = ../../../../../../../Applications/cinder_0.8.6_mac/blocks/Box2D/src/Box2D/Common/b2Settings.h; sourceTree = "<group>"; };
		76A907E19A84414EB29C60DB /* b2CollidePolygon.cpp */ = {isa = PBXFileReference; lastKnownFileType = sourcecode.c.cpp; name = b2CollidePolygon.cpp; path = ../../../../../../../Applications/cinder_0.8.6_mac/blocks/Box2D/src/Box2D/Collision/b2CollidePolygon.cpp; sourceTree = "<group>"; };
		785FFB3D2F4A4CDDBC207E46 /* OscTypes.h */ = {isa = PBXFileReference; lastKnownFileType = sourcecode.c.h; name = OscTypes.h; path = ../../../../../../../Applications/cinder_0.8.6_mac/blocks/OSC/src/osc/OscTypes.h; sourceTree = "<group>"; };
		78AAF678ED104661890B9604 /* OscReceivedElements.cpp */ = {isa = PBXFileReference; lastKnownFileType = sourcecode.c.cpp; name = OscReceivedElements.cpp; path = ../../../../../../../Applications/cinder_0.8.6_mac/blocks/OSC/src/osc/OscReceivedElements.cpp; sourceTree = "<group>"; };
		78B40E5C25C540F1B11DDEC0 /* b2StackAllocator.cpp */ = {isa = PBXFileReference; lastKnownFileType = sourcecode.c.cpp; name = b2StackAllocator.cpp; path = ../../../../../../../Applications/cinder_0.8.6_mac/blocks/Box2D/src/Box2D/Common/b2StackAllocator.cpp; sourceTree = "<group>"; };
		80786CA27DC34B4F8B974C45 /* b2PulleyJoint.h */ = {isa = PBXFileReference; lastKnownFileType = sourcecode.c.h; name = b2PulleyJoint.h; path = ../../../../../../../Applications/cinder_0.8.6_mac/blocks/Box2D/src/Box2D/Dynamics/Joints/b2PulleyJoint.h; sourceTree = "<group>"; };
		8338587D73E64A72991F0736 /* OscMessage.cpp */ = {isa = PBXFileReference; lastKnownFileType = sourcecode.c.cpp; name = OscMessage.cpp; path = ../../../../../../../Applications/cinder_0.8.6_mac/blocks/OSC/src/OscMessage.cpp; sourceTree = "<group>"; };
		8604A899D24545FD9DAD3F20 /* b2ChainAndCircleContact.cpp */ = {isa = PBXFileReference; lastKnownFileType = sourcecode.c.cpp; name = b2ChainAndCircleContact.cpp; path = ../../../../../../../Applications/cinder_0.8.6_mac/blocks/Box2D/src/Box2D/Dynamics/Contacts/b2ChainAndCircleContact.cpp; sourceTree = "<group>"; };
		8CC8228CA9ED4B6A97AF560A /* b2Draw.cpp */ = {isa = PBXFileReference; lastKnownFileType = sourcecode.c.cpp; name = b2Draw.cpp; path = ../../../../../../../Applications/cinder_0.8.6_mac/blocks/Box2D/src/Box2D/Common/b2Draw.cpp; sourceTree = "<group>"; };
		8CC95938077F433789E8FF19 /* b2FrictionJoint.h */ = {isa = PBXFileReference; lastKnownFileType = sourcecode.c.h; name = b2FrictionJoint.h; path = ../../../../../../../Applications/cinder_0.8.6_mac/blocks/Box2D/src/Box2D/Dynamics/Joints/b2FrictionJoint.h; sourceTree = "<group>"; };
		8CD0D8A6908D43F5816DDF72 /* OscPacketListener.h */ = {isa = PBXFileReference; lastKnownFileType = sourcecode.c.h; name = OscPacketListener.h; path = ../../../../../../../Applications/cinder_0.8.6_mac/blocks/OSC/src/osc/OscPacketListener.h; sourceTree = "<group>"; };
		8D1107320486CEB800E47090 /* TheAbyss.app */ = {isa = PBXFileReference; explicitFileType = wrapper.application; includeInIndex = 0; path = TheAbyss.app; sourceTree = BUILT_PRODUCTS_DIR; };
		8D6E0DA427594E53800FFCAB /* b2Shape.h */ = {isa = PBXFileReference; lastKnownFileType = sourcecode.c.h; name = b2Shape.h; path = ../../../../../../../Applications/cinder_0.8.6_mac/blocks/Box2D/src/Box2D/Collision/Shapes/b2Shape.h; sourceTree = "<group>"; };
		8E3B754841934921BE488F56 /* b2World.h */ = {isa = PBXFileReference; lastKnownFileType = sourcecode.c.h; name = b2World.h; path = ../../../../../../../Applications/cinder_0.8.6_mac/blocks/Box2D/src/Box2D/Dynamics/b2World.h; sourceTree = "<group>"; };
		905FC708C2CC4AB097AC46F9 /* b2Timer.h */ = {isa = PBXFileReference; lastKnownFileType = sourcecode.c.h; name = b2Timer.h; path = ../../../../../../../Applications/cinder_0.8.6_mac/blocks/Box2D/src/Box2D/Common/b2Timer.h; sourceTree = "<group>"; };
		92CA4758A90E41C1A5A863AB /* b2Joint.h */ = {isa = PBXFileReference; lastKnownFileType = sourcecode.c.h; name = b2Joint.h; path = ../../../../../../../Applications/cinder_0.8.6_mac/blocks/Box2D/src/Box2D/Dynamics/Joints/b2Joint.h; sourceTree = "<group>"; };
		93DBCE470108486092D8E5FB /* OscHostEndianness.h */ = {isa = PBXFileReference; lastKnownFileType = sourcecode.c.h; name = OscHostEndianness.h; path = ../../../../../../../Applications/cinder_0.8.6_mac/blocks/OSC/src/osc/OscHostEndianness.h; sourceTree = "<group>"; };
		948D21D7222B4AD7A3F9EDD9 /* b2RevoluteJoint.cpp */ = {isa = PBXFileReference; lastKnownFileType = sourcecode.c.cpp; name = b2RevoluteJoint.cpp; path = ../../../../../../../Applications/cinder_0.8.6_mac/blocks/Box2D/src/Box2D/Dynamics/Joints/b2RevoluteJoint.cpp; sourceTree = "<group>"; };
		9C857420DFA84BBF8D875FD6 /* b2Math.h */ = {isa = PBXFileReference; lastKnownFileType = sourcecode.c.h; name = b2Math.h; path = ../../../../../../../Applications/cinder_0.8.6_mac/blocks/Box2D/src/Box2D/Common/b2Math.h; sourceTree = "<group>"; };
		9E9C9694CC6F4DA6A875070B /* b2TimeStep.h */ = {isa = PBXFileReference; lastKnownFileType = sourcecode.c.h; name = b2TimeStep.h; path = ../../../../../../../Applications/cinder_0.8.6_mac/blocks/Box2D/src/Box2D/Dynamics/b2TimeStep.h; sourceTree = "<group>"; };
		A07A6956886949158B5AF6CC /* QuickTime.framework */ = {isa = PBXFileReference; lastKnownFileType = wrapper.framework; name = QuickTime.framework; path = System/Library/Frameworks/QuickTime.framework; sourceTree = SDKROOT; };
		A2FB986A37D3411891557C20 /* TheAbyssApp.cpp */ = {isa = PBXFileReference; lastKnownFileType = sourcecode.c.cpp; name = TheAbyssApp.cpp; path = ../src/TheAbyssApp.cpp; sourceTree = "<group>"; };
		A467276E296F4ABFA1C8A2AC /* b2BlockAllocator.h */ = {isa = PBXFileReference; lastKnownFileType = sourcecode.c.h; name = b2BlockAllocator.h; path = ../../../../../../../Applications/cinder_0.8.6_mac/blocks/Box2D/src/Box2D/Common/b2BlockAllocator.h; sourceTree = "<group>"; };
		A6770C7E8ED54ED98A7D1104 /* b2WeldJoint.h */ = {isa = PBXFileReference; lastKnownFileType = sourcecode.c.h; name = b2WeldJoint.h; path = ../../../../../../../Applications/cinder_0.8.6_mac/blocks/Box2D/src/Box2D/Dynamics/Joints/b2WeldJoint.h; sourceTree = "<group>"; };
		A6BAAD5A7E7C488E9A2E10EE /* b2GearJoint.h */ = {isa = PBXFileReference; lastKnownFileType = sourcecode.c.h; name = b2GearJoint.h; path = ../../../../../../../Applications/cinder_0.8.6_mac/blocks/Box2D/src/Box2D/Dynamics/Joints/b2GearJoint.h; sourceTree = "<group>"; };
		A768E5A310BF49E78A4F18C7 /* b2Island.cpp */ = {isa = PBXFileReference; lastKnownFileType = sourcecode.c.cpp; name = b2Island.cpp; path = ../../../../../../../Applications/cinder_0.8.6_mac/blocks/Box2D/src/Box2D/Dynamics/b2Island.cpp; sourceTree = "<group>"; };
		A9095158C22F4934B2BA82DC /* CinderApp.icns */ = {isa = PBXFileReference; lastKnownFileType = image.icns; name = CinderApp.icns; path = ../resources/CinderApp.icns; sourceTree = "<group>"; };
		AA084F1C5C374AA7BEDBB2BF /* OscBundle.h */ = {isa = PBXFileReference; lastKnownFileType = sourcecode.c.h; name = OscBundle.h; path = ../../../../../../../Applications/cinder_0.8.6_mac/blocks/OSC/src/OscBundle.h; sourceTree = "<group>"; };
		ABB0BBBB96DE4786A0D5F92E /* b2CollideCircle.cpp */ = {isa = PBXFileReference; lastKnownFileType = sourcecode.c.cpp; name = b2CollideCircle.cpp; path = ../../../../../../../Applications/cinder_0.8.6_mac/blocks/Box2D/src/Box2D/Collision/b2CollideCircle.cpp; sourceTree = "<group>"; };
		AD54924D0B3848F9BDDD26F4 /* Cairo.h */ = {isa = PBXFileReference; lastKnownFileType = sourcecode.c.h; name = Cairo.h; path = ../../../../../../../Applications/cinder_0.8.6_mac/blocks/Cairo/include/cinder/cairo/Cairo.h; sourceTree = "<group>"; };
		AF0ACCCA70504B2BBD44FB9A /* OscTypes.cpp */ = {isa = PBXFileReference; lastKnownFileType = sourcecode.c.cpp; name = OscTypes.cpp; path = ../../../../../../../Applications/cinder_0.8.6_mac/blocks/OSC/src/osc/OscTypes.cpp; sourceTree = "<group>"; };
		B08314F53C7A42C487B73D72 /* b2EdgeShape.cpp */ = {isa = PBXFileReference; lastKnownFileType = sourcecode.c.cpp; name = b2EdgeShape.cpp; path = ../../../../../../../Applications/cinder_0.8.6_mac/blocks/Box2D/src/Box2D/Collision/Shapes/b2EdgeShape.cpp; sourceTree = "<group>"; };
		B68CA9166841439BB4AB6EDC /* b2ContactSolver.h */ = {isa = PBXFileReference; lastKnownFileType = sourcecode.c.h; name = b2ContactSolver.h; path = ../../../../../../../Applications/cinder_0.8.6_mac/blocks/Box2D/src/Box2D/Dynamics/Contacts/b2ContactSolver.h; sourceTree = "<group>"; };
		B7D63BEBAC484DA48832765F /* b2PolygonAndCircleContact.cpp */ = {isa = PBXFileReference; lastKnownFileType = sourcecode.c.cpp; name = b2PolygonAndCircleContact.cpp; path = ../../../../../../../Applications/cinder_0.8.6_mac/blocks/Box2D/src/Box2D/Dynamics/Contacts/b2PolygonAndCircleContact.cpp; sourceTree = "<group>"; };
		B9AE7B029D31498EBE3F273B /* b2ChainAndPolygonContact.h */ = {isa = PBXFileReference; lastKnownFileType = sourcecode.c.h; name = b2ChainAndPolygonContact.h; path = ../../../../../../../Applications/cinder_0.8.6_mac/blocks/Box2D/src/Box2D/Dynamics/Contacts/b2ChainAndPolygonContact.h; sourceTree = "<group>"; };
		BAFEA5E1F2FD43DEAE831E83 /* b2StackAllocator.h */ = {isa = PBXFileReference; lastKnownFileType = sourcecode.c.h; name = b2StackAllocator.h; path = ../../../../../../../Applications/cinder_0.8.6_mac/blocks/Box2D/src/Box2D/Common/b2StackAllocator.h; sourceTree = "<group>"; };
		BBA5649A4535494FAB8EB284 /* b2DynamicTree.cpp */ = {isa = PBXFileReference; lastKnownFileType = sourcecode.c.cpp; name = b2DynamicTree.cpp; path = ../../../../../../../Applications/cinder_0.8.6_mac/blocks/Box2D/src/Box2D/Collision/b2DynamicTree.cpp; sourceTree = "<group>"; };
		BD7E3C3157524C6F89DE0D83 /* b2Joint.cpp */ = {isa = PBXFileReference; lastKnownFileType = sourcecode.c.cpp; name = b2Joint.cpp; path = ../../../../../../../Applications/cinder_0.8.6_mac/blocks/Box2D/src/Box2D/Dynamics/Joints/b2Joint.cpp; sourceTree = "<group>"; };
		BDEBCAA40FF8431784BB09A4 /* Cairo.cpp */ = {isa = PBXFileReference; lastKnownFileType = sourcecode.c.cpp; name = Cairo.cpp; path = ../../../../../../../Applications/cinder_0.8.6_mac/blocks/Cairo/src/Cairo.cpp; sourceTree = "<group>"; };
		BE8CB570381D4016BEFBE6B4 /* b2World.cpp */ = {isa = PBXFileReference; lastKnownFileType = sourcecode.c.cpp; name = b2World.cpp; path = ../../../../../../../Applications/cinder_0.8.6_mac/blocks/Box2D/src/Box2D/Dynamics/b2World.cpp; sourceTree = "<group>"; };
		BEF3651830ED4CEFB1B2CB5A /* b2Island.h */ = {isa = PBXFileReference; lastKnownFileType = sourcecode.c.h; name = b2Island.h; path = ../../../../../../../Applications/cinder_0.8.6_mac/blocks/Box2D/src/Box2D/Dynamics/b2Island.h; sourceTree = "<group>"; };
		BEF527D237C54ECABCDF7410 /* b2DistanceJoint.h */ = {isa = PBXFileReference; lastKnownFileType = sourcecode.c.h; name = b2DistanceJoint.h; path = ../../../../../../../Applications/cinder_0.8.6_mac/blocks/Box2D/src/Box2D/Dynamics/Joints/b2DistanceJoint.h; sourceTree = "<group>"; };
		C16A743A788D4B7487DB5A82 /* b2Timer.cpp */ = {isa = PBXFileReference; lastKnownFileType = sourcecode.c.cpp; name = b2Timer.cpp; path = ../../../../../../../Applications/cinder_0.8.6_mac/blocks/Box2D/src/Box2D/Common/b2Timer.cpp; sourceTree = "<group>"; };
		C33195DAE8274D08AB22B9E7 /* b2BlockAllocator.cpp */ = {isa = PBXFileReference; lastKnownFileType = sourcecode.c.cpp; name = b2BlockAllocator.cpp; path = ../../../../../../../Applications/cinder_0.8.6_mac/blocks/Box2D/src/Box2D/Common/b2BlockAllocator.cpp; sourceTree = "<group>"; };
		C5497DAB327B4DF59815A6D0 /* OscPrintReceivedElements.cpp */ = {isa = PBXFileReference; lastKnownFileType = sourcecode.c.cpp; name = OscPrintReceivedElements.cpp; path = ../../../../../../../Applications/cinder_0.8.6_mac/blocks/OSC/src/osc/OscPrintReceivedElements.cpp; sourceTree = "<group>"; };
		C79F54BA95A94618B218DDB8 /* b2PolygonShape.cpp */ = {isa = PBXFileReference; lastKnownFileType = sourcecode.c.cpp; name = b2PolygonShape.cpp; path = ../../../../../../../Applications/cinder_0.8.6_mac/blocks/Box2D/src/Box2D/Collision/Shapes/b2PolygonShape.cpp; sourceTree = "<group>"; };
		CA38BA629D83458398AED155 /* TimerListener.h */ = {isa = PBXFileReference; lastKnownFileType = sourcecode.c.h; name = TimerListener.h; path = ../../../../../../../Applications/cinder_0.8.6_mac/blocks/OSC/src/ip/TimerListener.h; sourceTree = "<group>"; };
		CAAE4A926A1049FB8C679F4A /* IpEndpointName.cpp */ = {isa = PBXFileReference; lastKnownFileType = sourcecode.c.cpp; name = IpEndpointName.cpp; path = ../../../../../../../Applications/cinder_0.8.6_mac/blocks/OSC/src/ip/IpEndpointName.cpp; sourceTree = "<group>"; };
		CAE549C49AD94998951186AF /* OscException.h */ = {isa = PBXFileReference; lastKnownFileType = sourcecode.c.h; name = OscException.h; path = ../../../../../../../Applications/cinder_0.8.6_mac/blocks/OSC/src/osc/OscException.h; sourceTree = "<group>"; };
		CD596DEDCF6B438DBA73B66F /* OscMessage.h */ = {isa = PBXFileReference; lastKnownFileType = sourcecode.c.h; name = OscMessage.h; path = ../../../../../../../Applications/cinder_0.8.6_mac/blocks/OSC/src/OscMessage.h; sourceTree = "<group>"; };
		CD5ED5C24B574591BA18E39B /* b2ChainAndCircleContact.h */ = {isa = PBXFileReference; lastKnownFileType = sourcecode.c.h; name = b2ChainAndCircleContact.h; path = ../../../../../../../Applications/cinder_0.8.6_mac/blocks/Box2D/src/Box2D/Dynamics/Contacts/b2ChainAndCircleContact.h; sourceTree = "<group>"; };
		CD7CC298D98345A5BF2FAEE2 /* b2DynamicTree.h */ = {isa = PBXFileReference; lastKnownFileType = sourcecode.c.h; name = b2DynamicTree.h; path = ../../../../../../../Applications/cinder_0.8.6_mac/blocks/Box2D/src/Box2D/Collision/b2DynamicTree.h; sourceTree = "<group>"; };
		CD902EA2045A4768AAAF274F /* OscArg.h */ = {isa = PBXFileReference; lastKnownFileType = sourcecode.c.h; name = OscArg.h; path = ../../../../../../../Applications/cinder_0.8.6_mac/blocks/OSC/src/OscArg.h; sourceTree = "<group>"; };
		CF9449A444844FF6A9D20888 /* b2CircleShape.h */ = {isa = PBXFileReference; lastKnownFileType = sourcecode.c.h; name = b2CircleShape.h; path = ../../../../../../../Applications/cinder_0.8.6_mac/blocks/Box2D/src/Box2D/Collision/Shapes/b2CircleShape.h; sourceTree = "<group>"; };
		D0EEA100CA6E4EFF97CB0ECB /* b2Body.h */ = {isa = PBXFileReference; lastKnownFileType = sourcecode.c.h; name = b2Body.h; path = ../../../../../../../Applications/cinder_0.8.6_mac/blocks/Box2D/src/Box2D/Dynamics/b2Body.h; sourceTree = "<group>"; };
		D16FB87B1C124697BDCE2593 /* b2WheelJoint.cpp */ = {isa = PBXFileReference; lastKnownFileType = sourcecode.c.cpp; name = b2WheelJoint.cpp; path = ../../../../../../../Applications/cinder_0.8.6_mac/blocks/Box2D/src/Box2D/Dynamics/Joints/b2WheelJoint.cpp; sourceTree = "<group>"; };
		D3076532DDD04416B06D319C /* b2CircleShape.cpp */ = {isa = PBXFileReference; lastKnownFileType = sourcecode.c.cpp; name = b2CircleShape.cpp; path = ../../../../../../../Applications/cinder_0.8.6_mac/blocks/Box2D/src/Box2D/Collision/Shapes/b2CircleShape.cpp; sourceTree = "<group>"; };
		D516C95760D1470AA2AE8E7E /* b2PolygonContact.h */ = {isa = PBXFileReference; lastKnownFileType = sourcecode.c.h; name = b2PolygonContact.h; path = ../../../../../../../Applications/cinder_0.8.6_mac/blocks/Box2D/src/Box2D/Dynamics/Contacts/b2PolygonContact.h; sourceTree = "<group>"; };
		D62AAB59A05049D18AE86E5D /* b2Collision.h */ = {isa = PBXFileReference; lastKnownFileType = sourcecode.c.h; name = b2Collision.h; path = ../../../../../../../Applications/cinder_0.8.6_mac/blocks/Box2D/src/Box2D/Collision/b2Collision.h; sourceTree = "<group>"; };
		D6C6FEDE62184CAB984CB8E1 /* UdpSocket.h */ = {isa = PBXFileReference; lastKnownFileType = sourcecode.c.h; name = UdpSocket.h; path = ../../../../../../../Applications/cinder_0.8.6_mac/blocks/OSC/src/ip/UdpSocket.h; sourceTree = "<group>"; };
		D8E2A9CEE04F4C20ACFB0925 /* OscReceivedElements.h */ = {isa = PBXFileReference; lastKnownFileType = sourcecode.c.h; name = OscReceivedElements.h; path = ../../../../../../../Applications/cinder_0.8.6_mac/blocks/OSC/src/osc/OscReceivedElements.h; sourceTree = "<group>"; };
		DAFE689E706740BCBFCEDA21 /* b2WheelJoint.h */ = {isa = PBXFileReference; lastKnownFileType = sourcecode.c.h; name = b2WheelJoint.h; path = ../../../../../../../Applications/cinder_0.8.6_mac/blocks/Box2D/src/Box2D/Dynamics/Joints/b2WheelJoint.h; sourceTree = "<group>"; };
		DC7C427E0F9F414E829A38E9 /* b2TimeOfImpact.h */ = {isa = PBXFileReference; lastKnownFileType = sourcecode.c.h; name = b2TimeOfImpact.h; path = ../../../../../../../Applications/cinder_0.8.6_mac/blocks/Box2D/src/Box2D/Collision/b2TimeOfImpact.h; sourceTree = "<group>"; };
		DDA56D5D64AC4A39AE0F4591 /* NetworkingUtils.h */ = {isa = PBXFileReference; lastKnownFileType = sourcecode.c.h; name = NetworkingUtils.h; path = ../../../../../../../Applications/cinder_0.8.6_mac/blocks/OSC/src/ip/NetworkingUtils.h; sourceTree = "<group>"; };
		DFEE391DD0FE4801A872A844 /* b2CollideEdge.cpp */ = {isa = PBXFileReference; lastKnownFileType = sourcecode.c.cpp; name = b2CollideEdge.cpp; path = ../../../../../../../Applications/cinder_0.8.6_mac/blocks/Box2D/src/Box2D/Collision/b2CollideEdge.cpp; sourceTree = "<group>"; };
		E1898B52B31C4210851EDE4E /* b2Contact.cpp */ = {isa = PBXFileReference; lastKnownFileType = sourcecode.c.cpp; name = b2Contact.cpp; path = ../../../../../../../Applications/cinder_0.8.6_mac/blocks/Box2D/src/Box2D/Dynamics/Contacts/b2Contact.cpp; sourceTree = "<group>"; };
		E81C10CB283545B285F90E54 /* b2ChainShape.h */ = {isa = PBXFileReference; lastKnownFileType = sourcecode.c.h; name = b2ChainShape.h; path = ../../../../../../../Applications/cinder_0.8.6_mac/blocks/Box2D/src/Box2D/Collision/Shapes/b2ChainShape.h; sourceTree = "<group>"; };
		E887AC8DC46045A69CB05F2C /* MessageMappingOscPacketListener.h */ = {isa = PBXFileReference; lastKnownFileType = sourcecode.c.h; name = MessageMappingOscPacketListener.h; path = ../../../../../../../Applications/cinder_0.8.6_mac/blocks/OSC/src/osc/MessageMappingOscPacketListener.h; sourceTree = "<group>"; };
		E92703AFC47741019CC48908 /* TheAbyss_Prefix.pch */ = {isa = PBXFileReference; lastKnownFileType = "\"\""; path = TheAbyss_Prefix.pch; sourceTree = "<group>"; };
		EA6091E04A3D4F0591EC8304 /* b2PolygonContact.cpp */ = {isa = PBXFileReference; lastKnownFileType = sourcecode.c.cpp; name = b2PolygonContact.cpp; path = ../../../../../../../Applications/cinder_0.8.6_mac/blocks/Box2D/src/Box2D/Dynamics/Contacts/b2PolygonContact.cpp; sourceTree = "<group>"; };
		EAB5DBDD3FB240B39A1F7DD1 /* b2Rope.h */ = {isa = PBXFileReference; lastKnownFileType = sourcecode.c.h; name = b2Rope.h; path = ../../../../../../../Applications/cinder_0.8.6_mac/blocks/Box2D/src/Box2D/Rope/b2Rope.h; sourceTree = "<group>"; };
		EB7318435B374318961953AE /* b2WorldCallbacks.h */ = {isa = PBXFileReference; lastKnownFileType = sourcecode.c.h; name = b2WorldCallbacks.h; path = ../../../../../../../Applications/cinder_0.8.6_mac/blocks/Box2D/src/Box2D/Dynamics/b2WorldCallbacks.h; sourceTree = "<group>"; };
		EC7D5836EDBD431B9AA4F99A /* b2ContactSolver.cpp */ = {isa = PBXFileReference; lastKnownFileType = sourcecode.c.cpp; name = b2ContactSolver.cpp; path = ../../../../../../../Applications/cinder_0.8.6_mac/blocks/Box2D/src/Box2D/Dynamics/Contacts/b2ContactSolver.cpp; sourceTree = "<group>"; };
		F02B1CE4A941441CBF052D0F /* b2EdgeAndPolygonContact.cpp */ = {isa = PBXFileReference; lastKnownFileType = sourcecode.c.cpp; name = b2EdgeAndPolygonContact.cpp; path = ../../../../../../../Applications/cinder_0.8.6_mac/blocks/Box2D/src/Box2D/Dynamics/Contacts/b2EdgeAndPolygonContact.cpp; sourceTree = "<group>"; };
		F0A84819F5DC4687AAAF42C3 /* OscBundle.cpp */ = {isa = PBXFileReference; lastKnownFileType = sourcecode.c.cpp; name = OscBundle.cpp; path = ../../../../../../../Applications/cinder_0.8.6_mac/blocks/OSC/src/OscBundle.cpp; sourceTree = "<group>"; };
		F1278C311B622EE700EADA30 /* Cam.cpp */ = {isa = PBXFileReference; fileEncoding = 4; lastKnownFileType = sourcecode.cpp.cpp; name = Cam.cpp; path = ../src/Cam.cpp; sourceTree = "<group>"; };
		F1278C321B622EE700EADA30 /* Cam.h */ = {isa = PBXFileReference; fileEncoding = 4; lastKnownFileType = sourcecode.c.h; name = Cam.h; path = ../include/Cam.h; sourceTree = "<group>"; };
		F13BC17A1B6227DC007F364C /* AGCubus.cpp */ = {isa = PBXFileReference; fileEncoding = 4; lastKnownFileType = sourcecode.cpp.cpp; name = AGCubus.cpp; path = ../src/AGCubus.cpp; sourceTree = "<group>"; };
		F13BC17B1B6227DC007F364C /* CreatureManager.cpp */ = {isa = PBXFileReference; fileEncoding = 4; lastKnownFileType = sourcecode.cpp.cpp; name = CreatureManager.cpp; path = ../src/CreatureManager.cpp; sourceTree = "<group>"; };
		F13BC17C1B6227DC007F364C /* SuperCreature.cpp */ = {isa = PBXFileReference; fileEncoding = 4; lastKnownFileType = sourcecode.cpp.cpp; name = SuperCreature.cpp; path = ../src/SuperCreature.cpp; sourceTree = "<group>"; };
		F13BC17D1B6227DC007F364C /* TACreatureExample.cpp */ = {isa = PBXFileReference; fileEncoding = 4; lastKnownFileType = sourcecode.cpp.cpp; name = TACreatureExample.cpp; path = ../src/TACreatureExample.cpp; sourceTree = "<group>"; };
		F13BC1821B6227F2007F364C /* AGCubus.h */ = {isa = PBXFileReference; fileEncoding = 4; lastKnownFileType = sourcecode.c.h; name = AGCubus.h; path = ../include/AGCubus.h; sourceTree = "<group>"; };
		F13BC1831B6227F2007F364C /* CreatureManager.h */ = {isa = PBXFileReference; fileEncoding = 4; lastKnownFileType = sourcecode.c.h; name = CreatureManager.h; path = ../include/CreatureManager.h; sourceTree = "<group>"; };
		F13BC1841B6227F2007F364C /* SuperCreature.h */ = {isa = PBXFileReference; fileEncoding = 4; lastKnownFileType = sourcecode.c.h; name = SuperCreature.h; path = ../include/SuperCreature.h; sourceTree = "<group>"; };
		F13BC1851B6227F2007F364C /* TACreatureExample.h */ = {isa = PBXFileReference; fileEncoding = 4; lastKnownFileType = sourcecode.c.h; name = TACreatureExample.h; path = ../include/TACreatureExample.h; sourceTree = "<group>"; };
		F153C9BF1B62372000395265 /* Help.cpp */ = {isa = PBXFileReference; fileEncoding = 4; lastKnownFileType = sourcecode.cpp.cpp; name = Help.cpp; path = ../src/Help.cpp; sourceTree = "<group>"; };
		F153C9C01B62372000395265 /* Help.h */ = {isa = PBXFileReference; fileEncoding = 4; lastKnownFileType = sourcecode.c.h; name = Help.h; path = ../include/Help.h; sourceTree = "<group>"; };
		F1A04B201BB9E2D10030B32A /* AbyssGUI.h */ = {isa = PBXFileReference; fileEncoding = 4; lastKnownFileType = sourcecode.c.h; name = AbyssGUI.h; path = ../include/AbyssGUI.h; sourceTree = "<group>"; };
		F1A04B211BB9E2E30030B32A /* AbyssGUI.cpp */ = {isa = PBXFileReference; fileEncoding = 4; lastKnownFileType = sourcecode.cpp.cpp; name = AbyssGUI.cpp; path = ../src/AbyssGUI.cpp; sourceTree = "<group>"; };
		F1A04B231BB9E3900030B32A /* HTMPreGelly.h */ = {isa = PBXFileReference; fileEncoding = 4; lastKnownFileType = sourcecode.c.h; name = HTMPreGelly.h; path = ../include/HTMPreGelly.h; sourceTree = "<group>"; };
		F1A04B241BB9E39F0030B32A /* HTMPreGelly.cpp */ = {isa = PBXFileReference; fileEncoding = 4; lastKnownFileType = sourcecode.cpp.cpp; name = HTMPreGelly.cpp; path = ../src/HTMPreGelly.cpp; sourceTree = "<group>"; };
		F37B0DBACA8346BFBB046517 /* b2ChainShape.cpp */ = {isa = PBXFileReference; lastKnownFileType = sourcecode.c.cpp; name = b2ChainShape.cpp; path = ../../../../../../../Applications/cinder_0.8.6_mac/blocks/Box2D/src/Box2D/Collision/Shapes/b2ChainShape.cpp; sourceTree = "<group>"; };
		F4C110B13A814FC68E3D1CFF /* b2EdgeAndCircleContact.cpp */ = {isa = PBXFileReference; lastKnownFileType = sourcecode.c.cpp; name = b2EdgeAndCircleContact.cpp; path = ../../../../../../../Applications/cinder_0.8.6_mac/blocks/Box2D/src/Box2D/Dynamics/Contacts/b2EdgeAndCircleContact.cpp; sourceTree = "<group>"; };
		F500390C159042E0A9DCCCBC /* b2CircleContact.h */ = {isa = PBXFileReference; lastKnownFileType = sourcecode.c.h; name = b2CircleContact.h; path = ../../../../../../../Applications/cinder_0.8.6_mac/blocks/Box2D/src/Box2D/Dynamics/Contacts/b2CircleContact.h; sourceTree = "<group>"; };
		F546C5808F034591BA21F123 /* b2GrowableStack.h */ = {isa = PBXFileReference; lastKnownFileType = sourcecode.c.h; name = b2GrowableStack.h; path = ../../../../../../../Applications/cinder_0.8.6_mac/blocks/Box2D/src/Box2D/Common/b2GrowableStack.h; sourceTree = "<group>"; };
		F711643A81614C9BA15FDF06 /* b2DistanceJoint.cpp */ = {isa = PBXFileReference; lastKnownFileType = sourcecode.c.cpp; name = b2DistanceJoint.cpp; path = ../../../../../../../Applications/cinder_0.8.6_mac/blocks/Box2D/src/Box2D/Dynamics/Joints/b2DistanceJoint.cpp; sourceTree = "<group>"; };
		F97957B6FD1748B196331719 /* b2Collision.cpp */ = {isa = PBXFileReference; lastKnownFileType = sourcecode.c.cpp; name = b2Collision.cpp; path = ../../../../../../../Applications/cinder_0.8.6_mac/blocks/Box2D/src/Box2D/Collision/b2Collision.cpp; sourceTree = "<group>"; };
		FC28D35B749B48A384F8D004 /* b2FrictionJoint.cpp */ = {isa = PBXFileReference; lastKnownFileType = sourcecode.c.cpp; name = b2FrictionJoint.cpp; path = ../../../../../../../Applications/cinder_0.8.6_mac/blocks/Box2D/src/Box2D/Dynamics/Joints/b2FrictionJoint.cpp; sourceTree = "<group>"; };
		FC5FC0FB2D1D42F19D0608A6 /* b2PolygonShape.h */ = {isa = PBXFileReference; lastKnownFileType = sourcecode.c.h; name = b2PolygonShape.h; path = ../../../../../../../Applications/cinder_0.8.6_mac/blocks/Box2D/src/Box2D/Collision/Shapes/b2PolygonShape.h; sourceTree = "<group>"; };
		FE40E6A30A7A47B5B6CB3AED /* b2Distance.h */ = {isa = PBXFileReference; lastKnownFileType = sourcecode.c.h; name = b2Distance.h; path = ../../../../../../../Applications/cinder_0.8.6_mac/blocks/Box2D/src/Box2D/Collision/b2Distance.h; sourceTree = "<group>"; };
		FEC9E6741DD742599A0A2974 /* OscOutboundPacketStream.cpp */ = {isa = PBXFileReference; lastKnownFileType = sourcecode.c.cpp; name = OscOutboundPacketStream.cpp; path = ../../../../../../../Applications/cinder_0.8.6_mac/blocks/OSC/src/osc/OscOutboundPacketStream.cpp; sourceTree = "<group>"; };
/* End PBXFileReference section */

/* Begin PBXFrameworksBuildPhase section */
		8D11072E0486CEB800E47090 /* Frameworks */ = {
			isa = PBXFrameworksBuildPhase;
			buildActionMask = 2147483647;
			files = (
				8D11072F0486CEB800E47090 /* Cocoa.framework in Frameworks */,
				0091D8F90E81B9330029341E /* OpenGL.framework in Frameworks */,
				5323E6B20EAFCA74003A9687 /* CoreVideo.framework in Frameworks */,
				5323E6B60EAFCA7E003A9687 /* QTKit.framework in Frameworks */,
				00B784B30FF439BC000DE1D7 /* Accelerate.framework in Frameworks */,
				00B784B40FF439BC000DE1D7 /* AudioToolbox.framework in Frameworks */,
				00B784B50FF439BC000DE1D7 /* AudioUnit.framework in Frameworks */,
				00B784B60FF439BC000DE1D7 /* CoreAudio.framework in Frameworks */,
				AF6DDEABAA0A45128D8A7852 /* QuickTime.framework in Frameworks */,
			);
			runOnlyForDeploymentPostprocessing = 0;
		};
/* End PBXFrameworksBuildPhase section */

/* Begin PBXGroup section */
		00AFE77591F1452C9F878AAD /* OSC */ = {
			isa = PBXGroup;
			children = (
				DD91782B99ED4DDF8B285538 /* src */,
			);
			name = OSC;
			sourceTree = "<group>";
		};
		00B237CC119D47F19760B152 /* Joints */ = {
			isa = PBXGroup;
			children = (
				F711643A81614C9BA15FDF06 /* b2DistanceJoint.cpp */,
				FC28D35B749B48A384F8D004 /* b2FrictionJoint.cpp */,
				6BB7F313CD084CD0867CEBD8 /* b2GearJoint.cpp */,
				BD7E3C3157524C6F89DE0D83 /* b2Joint.cpp */,
				075F797E17174547BAB5B35F /* b2MouseJoint.cpp */,
				21DB2326DFCF4EF2BA96B5D9 /* b2PrismaticJoint.cpp */,
				401C86FF5928433C97E33D68 /* b2PulleyJoint.cpp */,
				948D21D7222B4AD7A3F9EDD9 /* b2RevoluteJoint.cpp */,
				7438B309CC614EF9AC4AFA40 /* b2RopeJoint.cpp */,
				4773DD1F81134A0BA490E56D /* b2WeldJoint.cpp */,
				D16FB87B1C124697BDCE2593 /* b2WheelJoint.cpp */,
				BEF527D237C54ECABCDF7410 /* b2DistanceJoint.h */,
				8CC95938077F433789E8FF19 /* b2FrictionJoint.h */,
				A6BAAD5A7E7C488E9A2E10EE /* b2GearJoint.h */,
				92CA4758A90E41C1A5A863AB /* b2Joint.h */,
				533D40A0E6D74DF49A495072 /* b2MouseJoint.h */,
				38751BF2042D42AEB1CF91BB /* b2PrismaticJoint.h */,
				80786CA27DC34B4F8B974C45 /* b2PulleyJoint.h */,
				1E31B40B8816445AA1C39889 /* b2RevoluteJoint.h */,
				59041265620B49FA830A5CD0 /* b2RopeJoint.h */,
				A6770C7E8ED54ED98A7D1104 /* b2WeldJoint.h */,
				DAFE689E706740BCBFCEDA21 /* b2WheelJoint.h */,
			);
			name = Joints;
			sourceTree = "<group>";
		};
		00C1013767F242AA8903A5DE /* Cairo */ = {
			isa = PBXGroup;
			children = (
				C674B9BDC6E64FD1A89DA362 /* src */,
				74C3104CD6CA41F18C936374 /* include */,
			);
			name = Cairo;
			sourceTree = "<group>";
		};
		01B97315FEAEA392516A2CEA /* Blocks */ = {
			isa = PBXGroup;
			children = (
				FE61F299176E40BEB6E79F70 /* Box2D */,
				00C1013767F242AA8903A5DE /* Cairo */,
				00AFE77591F1452C9F878AAD /* OSC */,
			);
			name = Blocks;
			sourceTree = "<group>";
		};
		060F53EE236A45F2B5547643 /* posix */ = {
			isa = PBXGroup;
			children = (
				37287D3A82DC47AEB6730EA6 /* NetworkingUtils.cpp */,
				478D67E49ACA431FA9503FCA /* UdpSocket.cpp */,
			);
			name = posix;
			sourceTree = "<group>";
		};
		080E96DDFE201D6D7F000001 /* Source */ = {
			isa = PBXGroup;
			children = (
				F1A04B241BB9E39F0030B32A /* HTMPreGelly.cpp */,
				F1A04B211BB9E2E30030B32A /* AbyssGUI.cpp */,
				A2FB986A37D3411891557C20 /* TheAbyssApp.cpp */,
				F1278C311B622EE700EADA30 /* Cam.cpp */,
				F153C9BF1B62372000395265 /* Help.cpp */,
				F13BC17B1B6227DC007F364C /* CreatureManager.cpp */,
				F13BC17C1B6227DC007F364C /* SuperCreature.cpp */,
				F13BC17D1B6227DC007F364C /* TACreatureExample.cpp */,
				F13BC17A1B6227DC007F364C /* AGCubus.cpp */,
			);
			name = Source;
			sourceTree = "<group>";
		};
		1058C7A0FEA54F0111CA2CBB /* Linked Frameworks */ = {
			isa = PBXGroup;
			children = (
				00B784AF0FF439BC000DE1D7 /* Accelerate.framework */,
				00B784B00FF439BC000DE1D7 /* AudioToolbox.framework */,
				00B784B10FF439BC000DE1D7 /* AudioUnit.framework */,
				00B784B20FF439BC000DE1D7 /* CoreAudio.framework */,
				5323E6B50EAFCA7E003A9687 /* QTKit.framework */,
				5323E6B10EAFCA74003A9687 /* CoreVideo.framework */,
				0091D8F80E81B9330029341E /* OpenGL.framework */,
				1058C7A1FEA54F0111CA2CBB /* Cocoa.framework */,
			);
			name = "Linked Frameworks";
			sourceTree = "<group>";
		};
		1058C7A2FEA54F0111CA2CBB /* Other Frameworks */ = {
			isa = PBXGroup;
			children = (
				29B97324FDCFA39411CA2CEA /* AppKit.framework */,
				29B97325FDCFA39411CA2CEA /* Foundation.framework */,
			);
			name = "Other Frameworks";
			sourceTree = "<group>";
		};
		1926F3EC61364613870CC85D /* Dynamics */ = {
			isa = PBXGroup;
			children = (
				1D110E0EEF864540A37645AE /* b2Body.cpp */,
				26A0BE6D5F8D40AB8A569184 /* b2ContactManager.cpp */,
				64D6C26076A743EF88587BD7 /* b2Fixture.cpp */,
				A768E5A310BF49E78A4F18C7 /* b2Island.cpp */,
				BE8CB570381D4016BEFBE6B4 /* b2World.cpp */,
				320F3CF9D4C94139A4F02126 /* b2WorldCallbacks.cpp */,
				D0EEA100CA6E4EFF97CB0ECB /* b2Body.h */,
				022F1C9622D84DBA9F805423 /* b2ContactManager.h */,
				092086B643D14F43BB7F1A5A /* b2Fixture.h */,
				BEF3651830ED4CEFB1B2CB5A /* b2Island.h */,
				9E9C9694CC6F4DA6A875070B /* b2TimeStep.h */,
				8E3B754841934921BE488F56 /* b2World.h */,
				EB7318435B374318961953AE /* b2WorldCallbacks.h */,
				8494178DEE30403A81AA67DD /* Contacts */,
				00B237CC119D47F19760B152 /* Joints */,
			);
			name = Dynamics;
			sourceTree = "<group>";
		};
		19C28FACFE9D520D11CA2CBB /* Products */ = {
			isa = PBXGroup;
			children = (
				8D1107320486CEB800E47090 /* TheAbyss.app */,
			);
			name = Products;
			sourceTree = "<group>";
		};
		2364A7A519EB4C5FB27B8A70 /* Rope */ = {
			isa = PBXGroup;
			children = (
				522EFFC0E2F343A480616627 /* b2Rope.cpp */,
				EAB5DBDD3FB240B39A1F7DD1 /* b2Rope.h */,
			);
			name = Rope;
			sourceTree = "<group>";
		};
		29B97314FDCFA39411CA2CEA /* TheAbyss */ = {
			isa = PBXGroup;
			children = (
				01B97315FEAEA392516A2CEA /* Blocks */,
				29B97315FDCFA39411CA2CEA /* Headers */,
				080E96DDFE201D6D7F000001 /* Source */,
				29B97317FDCFA39411CA2CEA /* Resources */,
				29B97323FDCFA39411CA2CEA /* Frameworks */,
				19C28FACFE9D520D11CA2CBB /* Products */,
			);
			name = TheAbyss;
			sourceTree = "<group>";
		};
		29B97315FDCFA39411CA2CEA /* Headers */ = {
			isa = PBXGroup;
			children = (
				F1A04B231BB9E3900030B32A /* HTMPreGelly.h */,
				F1A04B201BB9E2D10030B32A /* AbyssGUI.h */,
				E92703AFC47741019CC48908 /* TheAbyss_Prefix.pch */,
				F1278C321B622EE700EADA30 /* Cam.h */,
				F153C9C01B62372000395265 /* Help.h */,
				F13BC1831B6227F2007F364C /* CreatureManager.h */,
				F13BC1841B6227F2007F364C /* SuperCreature.h */,
				F13BC1851B6227F2007F364C /* TACreatureExample.h */,
				F13BC1821B6227F2007F364C /* AGCubus.h */,
				552C4297A9234CE68C7CFAE6 /* Resources.h */,
			);
			name = Headers;
			sourceTree = "<group>";
		};
		29B97317FDCFA39411CA2CEA /* Resources */ = {
			isa = PBXGroup;
			children = (
				A9095158C22F4934B2BA82DC /* CinderApp.icns */,
				2EB9A7CBC37C480CA52A0815 /* Info.plist */,
			);
			name = Resources;
			sourceTree = "<group>";
		};
		29B97323FDCFA39411CA2CEA /* Frameworks */ = {
			isa = PBXGroup;
			children = (
				1058C7A0FEA54F0111CA2CBB /* Linked Frameworks */,
				1058C7A2FEA54F0111CA2CBB /* Other Frameworks */,
				A07A6956886949158B5AF6CC /* QuickTime.framework */,
			);
			name = Frameworks;
			sourceTree = "<group>";
		};
		44E3DBBB135A4AD5B3231F2E /* src */ = {
			isa = PBXGroup;
			children = (
				51FF16F4F58741F9B7623AF6 /* Box2D */,
			);
			name = src;
			sourceTree = "<group>";
		};
		4906B5C3F56249FFA4DD51AA /* cairo */ = {
			isa = PBXGroup;
			children = (
				AD54924D0B3848F9BDDD26F4 /* Cairo.h */,
			);
			name = cairo;
			sourceTree = "<group>";
		};
		4C9DF24229224D31B54EC3A7 /* osc */ = {
			isa = PBXGroup;
			children = (
				FEC9E6741DD742599A0A2974 /* OscOutboundPacketStream.cpp */,
				C5497DAB327B4DF59815A6D0 /* OscPrintReceivedElements.cpp */,
				78AAF678ED104661890B9604 /* OscReceivedElements.cpp */,
				AF0ACCCA70504B2BBD44FB9A /* OscTypes.cpp */,
				E887AC8DC46045A69CB05F2C /* MessageMappingOscPacketListener.h */,
				CAE549C49AD94998951186AF /* OscException.h */,
				93DBCE470108486092D8E5FB /* OscHostEndianness.h */,
				11966EB704484CFCA5DB35F7 /* OscOutboundPacketStream.h */,
				8CD0D8A6908D43F5816DDF72 /* OscPacketListener.h */,
				6DA0DE4E48994A3AA9D35187 /* OscPrintReceivedElements.h */,
				D8E2A9CEE04F4C20ACFB0925 /* OscReceivedElements.h */,
				785FFB3D2F4A4CDDBC207E46 /* OscTypes.h */,
			);
			name = osc;
			sourceTree = "<group>";
		};
		51FF16F4F58741F9B7623AF6 /* Box2D */ = {
			isa = PBXGroup;
			children = (
				AC795DACD8D54044971F5BCA /* Collision */,
				F85C1ED0A73F43D2A8B482E9 /* Common */,
				1926F3EC61364613870CC85D /* Dynamics */,
				2364A7A519EB4C5FB27B8A70 /* Rope */,
				4BD5C06B158B4588BC61300A /* Box2d.h */,
			);
			name = Box2D;
			sourceTree = "<group>";
		};
		74C3104CD6CA41F18C936374 /* include */ = {
			isa = PBXGroup;
			children = (
				DD9CD34BA27E42EBB144AA74 /* cinder */,
			);
			name = include;
			sourceTree = "<group>";
		};
		814B8CE85126440388A294A1 /* Shapes */ = {
			isa = PBXGroup;
			children = (
				F37B0DBACA8346BFBB046517 /* b2ChainShape.cpp */,
				D3076532DDD04416B06D319C /* b2CircleShape.cpp */,
				B08314F53C7A42C487B73D72 /* b2EdgeShape.cpp */,
				C79F54BA95A94618B218DDB8 /* b2PolygonShape.cpp */,
				E81C10CB283545B285F90E54 /* b2ChainShape.h */,
				CF9449A444844FF6A9D20888 /* b2CircleShape.h */,
				2BBA17FD777C4DCD9218D17E /* b2EdgeShape.h */,
				FC5FC0FB2D1D42F19D0608A6 /* b2PolygonShape.h */,
				8D6E0DA427594E53800FFCAB /* b2Shape.h */,
			);
			name = Shapes;
			sourceTree = "<group>";
		};
		8494178DEE30403A81AA67DD /* Contacts */ = {
			isa = PBXGroup;
			children = (
				8604A899D24545FD9DAD3F20 /* b2ChainAndCircleContact.cpp */,
				39D5AA96548A43E5931EAC5F /* b2ChainAndPolygonContact.cpp */,
				611302CEFFAE43F69BD8A3C4 /* b2CircleContact.cpp */,
				E1898B52B31C4210851EDE4E /* b2Contact.cpp */,
				EC7D5836EDBD431B9AA4F99A /* b2ContactSolver.cpp */,
				F4C110B13A814FC68E3D1CFF /* b2EdgeAndCircleContact.cpp */,
				F02B1CE4A941441CBF052D0F /* b2EdgeAndPolygonContact.cpp */,
				B7D63BEBAC484DA48832765F /* b2PolygonAndCircleContact.cpp */,
				EA6091E04A3D4F0591EC8304 /* b2PolygonContact.cpp */,
				CD5ED5C24B574591BA18E39B /* b2ChainAndCircleContact.h */,
				B9AE7B029D31498EBE3F273B /* b2ChainAndPolygonContact.h */,
				F500390C159042E0A9DCCCBC /* b2CircleContact.h */,
				413EA401D279458FBACE6F53 /* b2Contact.h */,
				B68CA9166841439BB4AB6EDC /* b2ContactSolver.h */,
				1F1D8ABF35A34E28B98CD13F /* b2EdgeAndCircleContact.h */,
				0FBB19BC89004204B5E3CC52 /* b2EdgeAndPolygonContact.h */,
				1215DFF1CAE14B85AA374136 /* b2PolygonAndCircleContact.h */,
				D516C95760D1470AA2AE8E7E /* b2PolygonContact.h */,
			);
			name = Contacts;
			sourceTree = "<group>";
		};
		9384359D8C474A80A18E1CDD /* ip */ = {
			isa = PBXGroup;
			children = (
				CAAE4A926A1049FB8C679F4A /* IpEndpointName.cpp */,
				55C20C333C8F4B79A934E603 /* IpEndpointName.h */,
				DDA56D5D64AC4A39AE0F4591 /* NetworkingUtils.h */,
				29823F83064F40CEBD73045D /* PacketListener.h */,
				CA38BA629D83458398AED155 /* TimerListener.h */,
				D6C6FEDE62184CAB984CB8E1 /* UdpSocket.h */,
				060F53EE236A45F2B5547643 /* posix */,
			);
			name = ip;
			sourceTree = "<group>";
		};
		AC795DACD8D54044971F5BCA /* Collision */ = {
			isa = PBXGroup;
			children = (
				32393A1529AE40F6B71E8719 /* b2BroadPhase.cpp */,
				ABB0BBBB96DE4786A0D5F92E /* b2CollideCircle.cpp */,
				DFEE391DD0FE4801A872A844 /* b2CollideEdge.cpp */,
				76A907E19A84414EB29C60DB /* b2CollidePolygon.cpp */,
				F97957B6FD1748B196331719 /* b2Collision.cpp */,
				64FB506CC5B54DA4B131C0BC /* b2Distance.cpp */,
				BBA5649A4535494FAB8EB284 /* b2DynamicTree.cpp */,
				35216A2FEAC24C7CAF94E629 /* b2TimeOfImpact.cpp */,
				2075D62444EF44FFA0A8E088 /* b2BroadPhase.h */,
				D62AAB59A05049D18AE86E5D /* b2Collision.h */,
				FE40E6A30A7A47B5B6CB3AED /* b2Distance.h */,
				CD7CC298D98345A5BF2FAEE2 /* b2DynamicTree.h */,
				DC7C427E0F9F414E829A38E9 /* b2TimeOfImpact.h */,
				814B8CE85126440388A294A1 /* Shapes */,
			);
			name = Collision;
			sourceTree = "<group>";
		};
		C674B9BDC6E64FD1A89DA362 /* src */ = {
			isa = PBXGroup;
			children = (
				BDEBCAA40FF8431784BB09A4 /* Cairo.cpp */,
			);
			name = src;
			sourceTree = "<group>";
		};
		DD91782B99ED4DDF8B285538 /* src */ = {
			isa = PBXGroup;
			children = (
				F0A84819F5DC4687AAAF42C3 /* OscBundle.cpp */,
				1CB35B373C6749CE891E1748 /* OscListener.cpp */,
				8338587D73E64A72991F0736 /* OscMessage.cpp */,
				518ACDCF1BEB487A9656887D /* OscSender.cpp */,
				9384359D8C474A80A18E1CDD /* ip */,
				4C9DF24229224D31B54EC3A7 /* osc */,
				CD902EA2045A4768AAAF274F /* OscArg.h */,
				AA084F1C5C374AA7BEDBB2BF /* OscBundle.h */,
				75E9A44B05A24F99B81B6D4A /* OscListener.h */,
				CD596DEDCF6B438DBA73B66F /* OscMessage.h */,
				3B97FC804C90487396C0345E /* OscSender.h */,
			);
			name = src;
			sourceTree = "<group>";
		};
		DD9CD34BA27E42EBB144AA74 /* cinder */ = {
			isa = PBXGroup;
			children = (
				4906B5C3F56249FFA4DD51AA /* cairo */,
			);
			name = cinder;
			sourceTree = "<group>";
		};
		F85C1ED0A73F43D2A8B482E9 /* Common */ = {
			isa = PBXGroup;
			children = (
				C33195DAE8274D08AB22B9E7 /* b2BlockAllocator.cpp */,
				8CC8228CA9ED4B6A97AF560A /* b2Draw.cpp */,
				3FB7CA96E6B94C1D9FB080FE /* b2Math.cpp */,
				706FEB3B42124A70A47F7198 /* b2Settings.cpp */,
				78B40E5C25C540F1B11DDEC0 /* b2StackAllocator.cpp */,
				C16A743A788D4B7487DB5A82 /* b2Timer.cpp */,
				A467276E296F4ABFA1C8A2AC /* b2BlockAllocator.h */,
				5DD7EA685A75410598BD2FA9 /* b2Draw.h */,
				F546C5808F034591BA21F123 /* b2GrowableStack.h */,
				9C857420DFA84BBF8D875FD6 /* b2Math.h */,
				7605905D76E34A92BE91199C /* b2Settings.h */,
				BAFEA5E1F2FD43DEAE831E83 /* b2StackAllocator.h */,
				905FC708C2CC4AB097AC46F9 /* b2Timer.h */,
			);
			name = Common;
			sourceTree = "<group>";
		};
		FE61F299176E40BEB6E79F70 /* Box2D */ = {
			isa = PBXGroup;
			children = (
				44E3DBBB135A4AD5B3231F2E /* src */,
			);
			name = Box2D;
			sourceTree = "<group>";
		};
/* End PBXGroup section */

/* Begin PBXNativeTarget section */
		8D1107260486CEB800E47090 /* TheAbyss */ = {
			isa = PBXNativeTarget;
			buildConfigurationList = C01FCF4A08A954540054247B /* Build configuration list for PBXNativeTarget "TheAbyss" */;
			buildPhases = (
				8D1107290486CEB800E47090 /* Resources */,
				8D11072C0486CEB800E47090 /* Sources */,
				8D11072E0486CEB800E47090 /* Frameworks */,
			);
			buildRules = (
			);
			dependencies = (
			);
			name = TheAbyss;
			productInstallPath = "$(HOME)/Applications";
			productName = TheAbyss;
			productReference = 8D1107320486CEB800E47090 /* TheAbyss.app */;
			productType = "com.apple.product-type.application";
		};
/* End PBXNativeTarget section */

/* Begin PBXProject section */
		29B97313FDCFA39411CA2CEA /* Project object */ = {
			isa = PBXProject;
			attributes = {
				LastUpgradeCheck = 0500;
			};
			buildConfigurationList = C01FCF4E08A954540054247B /* Build configuration list for PBXProject "TheAbyss" */;
			compatibilityVersion = "Xcode 3.2";
			developmentRegion = English;
			hasScannedForEncodings = 1;
			knownRegions = (
				English,
				Japanese,
				French,
				German,
			);
			mainGroup = 29B97314FDCFA39411CA2CEA /* TheAbyss */;
			projectDirPath = "";
			projectRoot = "";
			targets = (
				8D1107260486CEB800E47090 /* TheAbyss */,
			);
		};
/* End PBXProject section */

/* Begin PBXResourcesBuildPhase section */
		8D1107290486CEB800E47090 /* Resources */ = {
			isa = PBXResourcesBuildPhase;
			buildActionMask = 2147483647;
			files = (
				97FAE4E51E30483A9481A531 /* CinderApp.icns in Resources */,
			);
			runOnlyForDeploymentPostprocessing = 0;
		};
/* End PBXResourcesBuildPhase section */

/* Begin PBXSourcesBuildPhase section */
		8D11072C0486CEB800E47090 /* Sources */ = {
			isa = PBXSourcesBuildPhase;
			buildActionMask = 2147483647;
			files = (
				0086D8E80A9E4617976526FB /* TheAbyssApp.cpp in Sources */,
				41CF6D06C3BF4414B321B3A1 /* b2BroadPhase.cpp in Sources */,
				F153C9C11B62372000395265 /* Help.cpp in Sources */,
				B3FC511BB647496093188379 /* b2CollideCircle.cpp in Sources */,
				196FF14DF5B34FC68E8FFB2E /* b2CollideEdge.cpp in Sources */,
				26E3A3BCBB84480FAE532BEB /* b2CollidePolygon.cpp in Sources */,
				F1A04B221BB9E2E30030B32A /* AbyssGUI.cpp in Sources */,
				09CDC9C51F8248349EBA8A77 /* b2Collision.cpp in Sources */,
				A54913E60F7B484E94FEAE3E /* b2Distance.cpp in Sources */,
				A71A561C17C04EC69A2111F0 /* b2DynamicTree.cpp in Sources */,
				37462737499F4F349B5E6CC5 /* b2TimeOfImpact.cpp in Sources */,
				3D05A06756924804B314863C /* b2ChainShape.cpp in Sources */,
				8BA374781B87499884F2ACDB /* b2CircleShape.cpp in Sources */,
				6298FC813D804BEFA948943C /* b2EdgeShape.cpp in Sources */,
				706A9983F38143008DA2263F /* b2PolygonShape.cpp in Sources */,
				7D06CDFF47EF42A2BD88FA3B /* b2BlockAllocator.cpp in Sources */,
				3995AF0455E547A9AA5C39B2 /* b2Draw.cpp in Sources */,
				9753329CCBC045379D2701CB /* b2Math.cpp in Sources */,
				91E645DB3D964B96AF3742A9 /* b2Settings.cpp in Sources */,
				DE118A7CF3AC45A2AA525F0A /* b2StackAllocator.cpp in Sources */,
				F13BC1801B6227DC007F364C /* SuperCreature.cpp in Sources */,
				DBBDBF38794D45848C5323FD /* b2Timer.cpp in Sources */,
				F13BC17E1B6227DC007F364C /* AGCubus.cpp in Sources */,
				303E937744E145B69709EA61 /* b2Body.cpp in Sources */,
				A767DE99DE0844D1BFFC8838 /* b2ContactManager.cpp in Sources */,
				F13BC17F1B6227DC007F364C /* CreatureManager.cpp in Sources */,
				914FE9BBE65742AEB75F92F0 /* b2Fixture.cpp in Sources */,
				FFD4A45A65A0479BBCA6D3BD /* b2Island.cpp in Sources */,
				ACE84886F8FE401289DDA860 /* b2World.cpp in Sources */,
				F1278C331B622EE700EADA30 /* Cam.cpp in Sources */,
				CC926A597D584AC2B7D60C6A /* b2WorldCallbacks.cpp in Sources */,
				55F210AA73A14B69813B5311 /* b2ChainAndCircleContact.cpp in Sources */,
				85D714197C454168A0A1C456 /* b2ChainAndPolygonContact.cpp in Sources */,
				1E0B911D43F349A285A1FC03 /* b2CircleContact.cpp in Sources */,
				6717CCE9D4DD4EC691C60A6D /* b2Contact.cpp in Sources */,
				AD242CF151CA47258F0A71A2 /* b2ContactSolver.cpp in Sources */,
				A76BE65E517541D9A80DDAE1 /* b2EdgeAndCircleContact.cpp in Sources */,
				58552D5D9D73459C9638F19D /* b2EdgeAndPolygonContact.cpp in Sources */,
				FAA53E9E152343F7B13BABE9 /* b2PolygonAndCircleContact.cpp in Sources */,
				22F815B2FD8D4F72841C1489 /* b2PolygonContact.cpp in Sources */,
				7BA3EF9E0A7B4E99BFF47E90 /* b2DistanceJoint.cpp in Sources */,
				79FA1A65649B400DB7DC1306 /* b2FrictionJoint.cpp in Sources */,
				F841E80B67DD440083C0FD04 /* b2GearJoint.cpp in Sources */,
				A7360FDE9FE04BAFB35E52C0 /* b2Joint.cpp in Sources */,
				4FF5871EAF2C48ECB8AD8E20 /* b2MouseJoint.cpp in Sources */,
				071F49DDAC7D46A0813CA7DA /* b2PrismaticJoint.cpp in Sources */,
				0C13FF9D631841B6B5B4EF7C /* b2PulleyJoint.cpp in Sources */,
				1F29F71ED3CB40EF8F20BDAE /* b2RevoluteJoint.cpp in Sources */,
				D0548D341D5F4CE4920DB5D9 /* b2RopeJoint.cpp in Sources */,
				0381F20B6104438A9C0BC516 /* b2WeldJoint.cpp in Sources */,
				476FC01A06924EC5B524FACC /* b2WheelJoint.cpp in Sources */,
				0E7CF1D6219944F48520A19D /* b2Rope.cpp in Sources */,
				2D87EFC17CF3496B9BCB88E5 /* Cairo.cpp in Sources */,
				5CE4A61556174A1B9E0F0AF0 /* OscBundle.cpp in Sources */,
				F26771AE5D5D45A394AAF51C /* OscListener.cpp in Sources */,
				FDB4D3C313DC443FA24ADF60 /* OscMessage.cpp in Sources */,
				64656DD7EEF746D3A8294DA5 /* OscSender.cpp in Sources */,
				332BC0ECB18E41F59B4CA38B /* IpEndpointName.cpp in Sources */,
				63FAB80CC73E4E96A7AC9738 /* OscOutboundPacketStream.cpp in Sources */,
				A9FA66FC02DE413786F59C33 /* OscPrintReceivedElements.cpp in Sources */,
				1FC6F3CB00FA4F669C83C8EF /* OscReceivedElements.cpp in Sources */,
				F1A04B251BB9E39F0030B32A /* HTMPreGelly.cpp in Sources */,
				05A81D1E0C9C4F778F4D4DAE /* OscTypes.cpp in Sources */,
				570A337B235F41A49A719632 /* NetworkingUtils.cpp in Sources */,
				F13BC1811B6227DC007F364C /* TACreatureExample.cpp in Sources */,
				504748D9B0D342BBA2983659 /* UdpSocket.cpp in Sources */,
			);
			runOnlyForDeploymentPostprocessing = 0;
		};
/* End PBXSourcesBuildPhase section */

/* Begin XCBuildConfiguration section */
		C01FCF4B08A954540054247B /* Debug */ = {
			isa = XCBuildConfiguration;
			buildSettings = {
				COMBINE_HIDPI_IMAGES = YES;
				COPY_PHASE_STRIP = NO;
				DEAD_CODE_STRIPPING = YES;
				GCC_DYNAMIC_NO_PIC = NO;
				GCC_INLINES_ARE_PRIVATE_EXTERN = YES;
				GCC_OPTIMIZATION_LEVEL = 0;
				GCC_PRECOMPILE_PREFIX_HEADER = YES;
				GCC_PREFIX_HEADER = TheAbyss_Prefix.pch;
				GCC_PREPROCESSOR_DEFINITIONS = (
					"DEBUG=1",
					"$(inherited)",
				);
				GCC_SYMBOLS_PRIVATE_EXTERN = NO;
				INFOPLIST_FILE = Info.plist;
				INSTALL_PATH = "$(HOME)/Applications";
				OTHER_LDFLAGS = (
					"\"$(CINDER_PATH)/lib/libcinder_d.a\"",
					../../../../../../../Applications/cinder_0.8.6_mac/blocks/Cairo/lib/macosx/libcairo.a,
					"\"../../../../../../../Applications/cinder_0.8.6_mac/blocks/Cairo/lib/macosx/libpixman-1.a\"",
					../../../../../../../Applications/cinder_0.8.6_mac/blocks/Cairo/lib/macosx/libpng16.a,
				);
				PRODUCT_NAME = TheAbyss;
				SYMROOT = ./build;
				WRAPPER_EXTENSION = app;
			};
			name = Debug;
		};
		C01FCF4C08A954540054247B /* Release */ = {
			isa = XCBuildConfiguration;
			buildSettings = {
				COMBINE_HIDPI_IMAGES = YES;
				DEAD_CODE_STRIPPING = YES;
				DEBUG_INFORMATION_FORMAT = "dwarf-with-dsym";
				GCC_FAST_MATH = YES;
				GCC_GENERATE_DEBUGGING_SYMBOLS = NO;
				GCC_INLINES_ARE_PRIVATE_EXTERN = YES;
				GCC_OPTIMIZATION_LEVEL = 3;
				GCC_PRECOMPILE_PREFIX_HEADER = YES;
				GCC_PREFIX_HEADER = TheAbyss_Prefix.pch;
				GCC_PREPROCESSOR_DEFINITIONS = (
					"NDEBUG=1",
					"$(inherited)",
				);
				GCC_SYMBOLS_PRIVATE_EXTERN = NO;
				INFOPLIST_FILE = Info.plist;
				INSTALL_PATH = "$(HOME)/Applications";
				OTHER_LDFLAGS = (
					"\"$(CINDER_PATH)/lib/libcinder.a\"",
					../../../../../../../Applications/cinder_0.8.6_mac/blocks/Cairo/lib/macosx/libcairo.a,
					"\"../../../../../../../Applications/cinder_0.8.6_mac/blocks/Cairo/lib/macosx/libpixman-1.a\"",
					../../../../../../../Applications/cinder_0.8.6_mac/blocks/Cairo/lib/macosx/libpng16.a,
				);
				PRODUCT_NAME = TheAbyss;
				STRIP_INSTALLED_PRODUCT = YES;
				SYMROOT = ./build;
				WRAPPER_EXTENSION = app;
			};
			name = Release;
		};
		C01FCF4F08A954540054247B /* Debug */ = {
			isa = XCBuildConfiguration;
			buildSettings = {
				ALWAYS_SEARCH_USER_PATHS = NO;
				CINDER_PATH = ../../../../../../../Applications/cinder_0.8.6_mac;
				CLANG_CXX_LANGUAGE_STANDARD = "c++0x";
				CLANG_CXX_LIBRARY = "libc++";
				GCC_WARN_ABOUT_RETURN_TYPE = YES;
				GCC_WARN_UNUSED_VARIABLE = YES;
				HEADER_SEARCH_PATHS = (
					"\"$(CINDER_PATH)/boost\"",
					../../../../../../../Applications/cinder_0.8.6_mac/blocks/Box2D/src,
					../../../../../../../Applications/cinder_0.8.6_mac/blocks/Cairo/include/macosx,
				);
				MACOSX_DEPLOYMENT_TARGET = 10.8;
				ONLY_ACTIVE_ARCH = YES;
				SDKROOT = macosx10.8;
				USER_HEADER_SEARCH_PATHS = "\"$(CINDER_PATH)/include\" ../include ../../../../../../../Applications/cinder_0.8.6_mac/blocks/Cairo/include ../../../../../../../Applications/cinder_0.8.6_mac/blocks/OSC/src ../../../../../../../Applications/cinder_0.8.6_mac/blocks/QuickTime/include";
			};
			name = Debug;
		};
		C01FCF5008A954540054247B /* Release */ = {
			isa = XCBuildConfiguration;
			buildSettings = {
				ALWAYS_SEARCH_USER_PATHS = NO;
				CINDER_PATH = ../../../../../../../Applications/cinder_0.8.6_mac;
				CLANG_CXX_LANGUAGE_STANDARD = "c++0x";
				CLANG_CXX_LIBRARY = "libc++";
				GCC_WARN_ABOUT_RETURN_TYPE = YES;
				GCC_WARN_UNUSED_VARIABLE = YES;
				HEADER_SEARCH_PATHS = (
					"\"$(CINDER_PATH)/boost\"",
					../../../../../../../Applications/cinder_0.8.6_mac/blocks/Box2D/src,
					../../../../../../../Applications/cinder_0.8.6_mac/blocks/Cairo/include/macosx,
				);
				MACOSX_DEPLOYMENT_TARGET = 10.8;
				SDKROOT = macosx10.8;
				USER_HEADER_SEARCH_PATHS = "\"$(CINDER_PATH)/include\" ../include ../../../../../../../Applications/cinder_0.8.6_mac/blocks/Cairo/include ../../../../../../../Applications/cinder_0.8.6_mac/blocks/OSC/src ../../../../../../../Applications/cinder_0.8.6_mac/blocks/QuickTime/include";
			};
			name = Release;
		};
/* End XCBuildConfiguration section */

/* Begin XCConfigurationList section */
		C01FCF4A08A954540054247B /* Build configuration list for PBXNativeTarget "TheAbyss" */ = {
			isa = XCConfigurationList;
			buildConfigurations = (
				C01FCF4B08A954540054247B /* Debug */,
				C01FCF4C08A954540054247B /* Release */,
			);
			defaultConfigurationIsVisible = 0;
			defaultConfigurationName = Release;
		};
		C01FCF4E08A954540054247B /* Build configuration list for PBXProject "TheAbyss" */ = {
			isa = XCConfigurationList;
			buildConfigurations = (
				C01FCF4F08A954540054247B /* Debug */,
				C01FCF5008A954540054247B /* Release */,
			);
			defaultConfigurationIsVisible = 0;
			defaultConfigurationName = Release;
		};
/* End XCConfigurationList section */
	};
	rootObject = 29B97313FDCFA39411CA2CEA /* Project object */;
}
